{
  "object": {
    "pins": [
      {
        "package": "AnyCodable",
        "repositoryURL": "https://github.com/Flight-School/AnyCodable",
        "state": {
          "branch": null,
          "revision": "1f5d3f1e1bee336190754dfcb5e8120b767ab361",
          "version": "0.2.2"
        }
      }
    ]
  },
  "version": 1
}
