PODS:
  - AnyCodable-FlightSchool (0.2.2)
  - BoxKit (2.1):
    - AnyCodable-FlightSchool (~> 0.2.2)

DEPENDENCIES:
  - BoxKit (from `./`)

SPEC REPOS:
  https://github.com/cocoapods/specs.git:
    - AnyCodable-FlightSchool

EXTERNAL SOURCES:
  BoxKit:
    :path: "./"

SPEC CHECKSUMS:
  AnyCodable-FlightSchool: 9f55861537d81c472eb406f7f3f5756a793a3b24
  BoxKit: 9b7f35be6ea35cdc9b045bc2e7576c13cf8a54ae

PODFILE CHECKSUM: f9a620fb2e7c60ced872e5cda329a51b8815e3ea

COCOAPODS: 1.7.5
