// !$*UTF8*$!
{
	archiveVersion = 1;
	classes = {
	};
	objectVersion = 50;
	objects = {

/* Begin PBXBuildFile section */
		8D4437272303F4AA00CEC622 /* AppDelegate.swift in Sources */ = {isa = PBXBuildFile; fileRef = 8D4437262303F4AA00CEC622 /* AppDelegate.swift */; };
		8D4437292303F4AA00CEC622 /* ViewController.swift in Sources */ = {isa = PBXBuildFile; fileRef = 8D4437282303F4AA00CEC622 /* ViewController.swift */; };
		8D44372C2303F4AA00CEC622 /* Main.storyboard in Resources */ = {isa = PBXBuildFile; fileRef = 8D44372A2303F4AA00CEC622 /* Main.storyboard */; };
		8D44372E2303F4AA00CEC622 /* Assets.xcassets in Resources */ = {isa = PBXBuildFile; fileRef = 8D44372D2303F4AA00CEC622 /* Assets.xcassets */; };
		8D4437312303F4AA00CEC622 /* LaunchScreen.storyboard in Resources */ = {isa = PBXBuildFile; fileRef = 8D44372F2303F4AA00CEC622 /* LaunchScreen.storyboard */; };
		A55F7E3B14C29568E51D532B /* Pods_PodDevelopment.framework in Frameworks */ = {isa = PBXBuildFile; fileRef = 4236A47799EC21A36CC96822 /* Pods_PodDevelopment.framework */; };
/* End PBXBuildFile section */

/* Begin PBXFileReference section */
		4236A47799EC21A36CC96822 /* Pods_PodDevelopment.framework */ = {isa = PBXFileReference; explicitFileType = wrapper.framework; includeInIndex = 0; path = Pods_PodDevelopment.framework; sourceTree = BUILT_PRODUCTS_DIR; };
		64D4D1FA82EB462EA815ABE9 /* Pods-PodDevelopment.release.xcconfig */ = {isa = PBXFileReference; includeInIndex = 1; lastKnownFileType = text.xcconfig; name = "Pods-PodDevelopment.release.xcconfig"; path = "Target Support Files/Pods-PodDevelopment/Pods-PodDevelopment.release.xcconfig"; sourceTree = "<group>"; };
		8D4437232303F4AA00CEC622 /* PodDevelopment.app */ = {isa = PBXFileReference; explicitFileType = wrapper.application; includeInIndex = 0; path = PodDevelopment.app; sourceTree = BUILT_PRODUCTS_DIR; };
		8D4437262303F4AA00CEC622 /* AppDelegate.swift */ = {isa = PBXFileReference; lastKnownFileType = sourcecode.swift; path = AppDelegate.swift; sourceTree = "<group>"; };
		8D4437282303F4AA00CEC622 /* ViewController.swift */ = {isa = PBXFileReference; lastKnownFileType = sourcecode.swift; path = ViewController.swift; sourceTree = "<group>"; };
		8D44372B2303F4AA00CEC622 /* Base */ = {isa = PBXFileReference; lastKnownFileType = file.storyboard; name = Base; path = Base.lproj/Main.storyboard; sourceTree = "<group>"; };
		8D44372D2303F4AA00CEC622 /* Assets.xcassets */ = {isa = PBXFileReference; lastKnownFileType = folder.assetcatalog; path = Assets.xcassets; sourceTree = "<group>"; };
		8D4437302303F4AA00CEC622 /* Base */ = {isa = PBXFileReference; lastKnownFileType = file.storyboard; name = Base; path = Base.lproj/LaunchScreen.storyboard; sourceTree = "<group>"; };
		8D4437322303F4AA00CEC622 /* Info.plist */ = {isa = PBXFileReference; lastKnownFileType = text.plist.xml; path = Info.plist; sourceTree = "<group>"; };
		EFBD2E2FF186969D4ACB87F5 /* Pods-PodDevelopment.debug.xcconfig */ = {isa = PBXFileReference; includeInIndex = 1; lastKnownFileType = text.xcconfig; name = "Pods-PodDevelopment.debug.xcconfig"; path = "Target Support Files/Pods-PodDevelopment/Pods-PodDevelopment.debug.xcconfig"; sourceTree = "<group>"; };
/* End PBXFileReference section */

/* Begin PBXFrameworksBuildPhase section */
		8D4437202303F4AA00CEC622 /* Frameworks */ = {
			isa = PBXFrameworksBuildPhase;
			buildActionMask = 2147483647;
			files = (
				A55F7E3B14C29568E51D532B /* Pods_PodDevelopment.framework in Frameworks */,
			);
			runOnlyForDeploymentPostprocessing = 0;
		};
/* End PBXFrameworksBuildPhase section */

/* Begin PBXGroup section */
		638E67A21C05CCAFF7CA6606 /* Frameworks */ = {
			isa = PBXGroup;
			children = (
				4236A47799EC21A36CC96822 /* Pods_PodDevelopment.framework */,
			);
			name = Frameworks;
			sourceTree = "<group>";
		};
		76DB98A75C87BCFD299AEAA7 /* Pods */ = {
			isa = PBXGroup;
			children = (
				EFBD2E2FF186969D4ACB87F5 /* Pods-PodDevelopment.debug.xcconfig */,
				64D4D1FA82EB462EA815ABE9 /* Pods-PodDevelopment.release.xcconfig */,
			);
			name = Pods;
			path = Pods;
			sourceTree = "<group>";
		};
		8D44371A2303F4AA00CEC622 = {
			isa = PBXGroup;
			children = (
				8D4437252303F4AA00CEC622 /* PodDevelopment */,
				8D4437242303F4AA00CEC622 /* Products */,
				76DB98A75C87BCFD299AEAA7 /* Pods */,
				638E67A21C05CCAFF7CA6606 /* Frameworks */,
			);
			sourceTree = "<group>";
		};
		8D4437242303F4AA00CEC622 /* Products */ = {
			isa = PBXGroup;
			children = (
				8D4437232303F4AA00CEC622 /* PodDevelopment.app */,
			);
			name = Products;
			sourceTree = "<group>";
		};
		8D4437252303F4AA00CEC622 /* PodDevelopment */ = {
			isa = PBXGroup;
			children = (
				8D4437262303F4AA00CEC622 /* AppDelegate.swift */,
				8D4437282303F4AA00CEC622 /* ViewController.swift */,
				8D44372A2303F4AA00CEC622 /* Main.storyboard */,
				8D44372D2303F4AA00CEC622 /* Assets.xcassets */,
				8D44372F2303F4AA00CEC622 /* LaunchScreen.storyboard */,
				8D4437322303F4AA00CEC622 /* Info.plist */,
			);
			path = PodDevelopment;
			sourceTree = "<group>";
		};
/* End PBXGroup section */

/* Begin PBXNativeTarget section */
		8D4437222303F4AA00CEC622 /* PodDevelopment */ = {
			isa = PBXNativeTarget;
			buildConfigurationList = 8D4437352303F4AA00CEC622 /* Build configuration list for PBXNativeTarget "PodDevelopment" */;
			buildPhases = (
				00E65569CFD024BC7D725B9C /* [CP] Check Pods Manifest.lock */,
				8D44371F2303F4AA00CEC622 /* Sources */,
				8D4437202303F4AA00CEC622 /* Frameworks */,
				8D4437212303F4AA00CEC622 /* Resources */,
			);
			buildRules = (
			);
			dependencies = (
			);
			name = PodDevelopment;
			productName = PodDevelopment;
			productReference = 8D4437232303F4AA00CEC622 /* PodDevelopment.app */;
			productType = "com.apple.product-type.application";
		};
/* End PBXNativeTarget section */

/* Begin PBXProject section */
		8D44371B2303F4AA00CEC622 /* Project object */ = {
			isa = PBXProject;
			attributes = {
				LastSwiftUpdateCheck = 1020;
				LastUpgradeCheck = 1020;
				ORGANIZATIONNAME = utrpanic;
				TargetAttributes = {
					8D4437222303F4AA00CEC622 = {
						CreatedOnToolsVersion = 10.2.1;
					};
				};
			};
			buildConfigurationList = 8D44371E2303F4AA00CEC622 /* Build configuration list for PBXProject "PodDevelopment" */;
			compatibilityVersion = "Xcode 9.3";
			developmentRegion = en;
			hasScannedForEncodings = 0;
			knownRegions = (
				en,
				Base,
			);
			mainGroup = 8D44371A2303F4AA00CEC622;
			productRefGroup = 8D4437242303F4AA00CEC622 /* Products */;
			projectDirPath = "";
			projectRoot = "";
			targets = (
				8D4437222303F4AA00CEC622 /* PodDevelopment */,
			);
		};
/* End PBXProject section */

/* Begin PBXResourcesBuildPhase section */
		8D4437212303F4AA00CEC622 /* Resources */ = {
			isa = PBXResourcesBuildPhase;
			buildActionMask = 2147483647;
			files = (
				8D4437312303F4AA00CEC622 /* LaunchScreen.storyboard in Resources */,
				8D44372E2303F4AA00CEC622 /* Assets.xcassets in Resources */,
				8D44372C2303F4AA00CEC622 /* Main.storyboard in Resources */,
			);
			runOnlyForDeploymentPostprocessing = 0;
		};
/* End PBXResourcesBuildPhase section */

/* Begin PBXShellScriptBuildPhase section */
		00E65569CFD024BC7D725B9C /* [CP] Check Pods Manifest.lock */ = {
			isa = PBXShellScriptBuildPhase;
			buildActionMask = 2147483647;
			files = (
			);
			inputFileListPaths = (
			);
			inputPaths = (
				"${PODS_PODFILE_DIR_PATH}/Podfile.lock",
				"${PODS_ROOT}/Manifest.lock",
			);
			name = "[CP] Check Pods Manifest.lock";
			outputFileListPaths = (
			);
			outputPaths = (
				"$(DERIVED_FILE_DIR)/Pods-PodDevelopment-checkManifestLockResult.txt",
			);
			runOnlyForDeploymentPostprocessing = 0;
			shellPath = /bin/sh;
			shellScript = "diff \"${PODS_PODFILE_DIR_PATH}/Podfile.lock\" \"${PODS_ROOT}/Manifest.lock\" > /dev/null\nif [ $? != 0 ] ; then\n    # print error to STDERR\n    echo \"error: The sandbox is not in sync with the Podfile.lock. Run 'pod install' or update your CocoaPods installation.\" >&2\n    exit 1\nfi\n# This output is used by Xcode 'outputs' to avoid re-running this script phase.\necho \"SUCCESS\" > \"${SCRIPT_OUTPUT_FILE_0}\"\n";
			showEnvVarsInLog = 0;
		};
/* End PBXShellScriptBuildPhase section */

/* Begin PBXSourcesBuildPhase section */
		8D44371F2303F4AA00CEC622 /* Sources */ = {
			isa = PBXSourcesBuildPhase;
			buildActionMask = 2147483647;
			files = (
				8D4437292303F4AA00CEC622 /* ViewController.swift in Sources */,
				8D4437272303F4AA00CEC622 /* AppDelegate.swift in Sources */,
			);
			runOnlyForDeploymentPostprocessing = 0;
		};
/* End PBXSourcesBuildPhase section */

/* Begin PBXVariantGroup section */
		8D44372A2303F4AA00CEC622 /* Main.storyboard */ = {
			isa = PBXVariantGroup;
			children = (
				8D44372B2303F4AA00CEC622 /* Base */,
			);
			name = Main.storyboard;
			sourceTree = "<group>";
		};
		8D44372F2303F4AA00CEC622 /* LaunchScreen.storyboard */ = {
			isa = PBXVariantGroup;
			children = (
				8D4437302303F4AA00CEC622 /* Base */,
			);
			name = LaunchScreen.storyboard;
			sourceTree = "<group>";
		};
/* End PBXVariantGroup section */

/* Begin XCBuildConfiguration section */
		8D4437332303F4AA00CEC622 /* Debug */ = {
			isa = XCBuildConfiguration;
			buildSettings = {
				ALWAYS_SEARCH_USER_PATHS = NO;
				CLANG_ANALYZER_NONNULL = YES;
				CLANG_ANALYZER_NUMBER_OBJECT_CONVERSION = YES_AGGRESSIVE;
				CLANG_CXX_LANGUAGE_STANDARD = "gnu++14";
				CLANG_CXX_LIBRARY = "libc++";
				CLANG_ENABLE_MODULES = YES;
				CLANG_ENABLE_OBJC_ARC = YES;
				CLANG_ENABLE_OBJC_WEAK = YES;
				CLANG_WARN_BLOCK_CAPTURE_AUTORELEASING = YES;
				CLANG_WARN_BOOL_CONVERSION = YES;
				CLANG_WARN_COMMA = YES;
				CLANG_WARN_CONSTANT_CONVERSION = YES;
				CLANG_WARN_DEPRECATED_OBJC_IMPLEMENTATIONS = YES;
				CLANG_WARN_DIRECT_OBJC_ISA_USAGE = YES_ERROR;
				CLANG_WARN_DOCUMENTATION_COMMENTS = YES;
				CLANG_WARN_EMPTY_BODY = YES;
				CLANG_WARN_ENUM_CONVERSION = YES;
				CLANG_WARN_INFINITE_RECURSION = YES;
				CLANG_WARN_INT_CONVERSION = YES;
				CLANG_WARN_NON_LITERAL_NULL_CONVERSION = YES;
				CLANG_WARN_OBJC_IMPLICIT_RETAIN_SELF = YES;
				CLANG_WARN_OBJC_LITERAL_CONVERSION = YES;
				CLANG_WARN_OBJC_ROOT_CLASS = YES_ERROR;
				CLANG_WARN_RANGE_LOOP_ANALYSIS = YES;
				CLANG_WARN_STRICT_PROTOTYPES = YES;
				CLANG_WARN_SUSPICIOUS_MOVE = YES;
				CLANG_WARN_UNGUARDED_AVAILABILITY = YES_AGGRESSIVE;
				CLANG_WARN_UNREACHABLE_CODE = YES;
				CLANG_WARN__DUPLICATE_METHOD_MATCH = YES;
				CODE_SIGN_IDENTITY = "iPhone Developer";
				COPY_PHASE_STRIP = NO;
				DEBUG_INFORMATION_FORMAT = dwarf;
				ENABLE_STRICT_OBJC_MSGSEND = YES;
				ENABLE_TESTABILITY = YES;
				GCC_C_LANGUAGE_STANDARD = gnu11;
				GCC_DYNAMIC_NO_PIC = NO;
				GCC_NO_COMMON_BLOCKS = YES;
				GCC_OPTIMIZATION_LEVEL = 0;
				GCC_PREPROCESSOR_DEFINITIONS = (
					"DEBUG=1",
					"$(inherited)",
				);
				GCC_WARN_64_TO_32_BIT_CONVERSION = YES;
				GCC_WARN_ABOUT_RETURN_TYPE = YES_ERROR;
				GCC_WARN_UNDECLARED_SELECTOR = YES;
				GCC_WARN_UNINITIALIZED_AUTOS = YES_AGGRESSIVE;
				GCC_WARN_UNUSED_FUNCTION = YES;
				GCC_WARN_UNUSED_VARIABLE = YES;
				IPHONEOS_DEPLOYMENT_TARGET = 12.2;
				MTL_ENABLE_DEBUG_INFO = INCLUDE_SOURCE;
				MTL_FAST_MATH = YES;
				ONLY_ACTIVE_ARCH = YES;
				SDKROOT = iphoneos;
				SWIFT_ACTIVE_COMPILATION_CONDITIONS = DEBUG;
				SWIFT_OPTIMIZATION_LEVEL = "-Onone";
			};
			name = Debug;
		};
		8D4437342303F4AA00CEC622 /* Release */ = {
			isa = XCBuildConfiguration;
			buildSettings = {
				ALWAYS_SEARCH_USER_PATHS = NO;
				CLANG_ANALYZER_NONNULL = YES;
				CLANG_ANALYZER_NUMBER_OBJECT_CONVERSION = YES_AGGRESSIVE;
				CLANG_CXX_LANGUAGE_STANDARD = "gnu++14";
				CLANG_CXX_LIBRARY = "libc++";
				CLANG_ENABLE_MODULES = YES;
				CLANG_ENABLE_OBJC_ARC = YES;
				CLANG_ENABLE_OBJC_WEAK = YES;
				CLANG_WARN_BLOCK_CAPTURE_AUTORELEASING = YES;
				CLANG_WARN_BOOL_CONVERSION = YES;
				CLANG_WARN_COMMA = YES;
				CLANG_WARN_CONSTANT_CONVERSION = YES;
				CLANG_WARN_DEPRECATED_OBJC_IMPLEMENTATIONS = YES;
				CLANG_WARN_DIRECT_OBJC_ISA_USAGE = YES_ERROR;
				CLANG_WARN_DOCUMENTATION_COMMENTS = YES;
				CLANG_WARN_EMPTY_BODY = YES;
				CLANG_WARN_ENUM_CONVERSION = YES;
				CLANG_WARN_INFINITE_RECURSION = YES;
				CLANG_WARN_INT_CONVERSION = YES;
				CLANG_WARN_NON_LITERAL_NULL_CONVERSION = YES;
				CLANG_WARN_OBJC_IMPLICIT_RETAIN_SELF = YES;
				CLANG_WARN_OBJC_LITERAL_CONVERSION = YES;
				CLANG_WARN_OBJC_ROOT_CLASS = YES_ERROR;
				CLANG_WARN_RANGE_LOOP_ANALYSIS = YES;
				CLANG_WARN_STRICT_PROTOTYPES = YES;
				CLANG_WARN_SUSPICIOUS_MOVE = YES;
				CLANG_WARN_UNGUARDED_AVAILABILITY = YES_AGGRESSIVE;
				CLANG_WARN_UNREACHABLE_CODE = YES;
				CLANG_WARN__DUPLICATE_METHOD_MATCH = YES;
				CODE_SIGN_IDENTITY = "iPhone Developer";
				COPY_PHASE_STRIP = NO;
				DEBUG_INFORMATION_FORMAT = "dwarf-with-dsym";
				ENABLE_NS_ASSERTIONS = NO;
				ENABLE_STRICT_OBJC_MSGSEND = YES;
				GCC_C_LANGUAGE_STANDARD = gnu11;
				GCC_NO_COMMON_BLOCKS = YES;
				GCC_WARN_64_TO_32_BIT_CONVERSION = YES;
				GCC_WARN_ABOUT_RETURN_TYPE = YES_ERROR;
				GCC_WARN_UNDECLARED_SELECTOR = YES;
				GCC_WARN_UNINITIALIZED_AUTOS = YES_AGGRESSIVE;
				GCC_WARN_UNUSED_FUNCTION = YES;
				GCC_WARN_UNUSED_VARIABLE = YES;
				IPHONEOS_DEPLOYMENT_TARGET = 12.2;
				MTL_ENABLE_DEBUG_INFO = NO;
				MTL_FAST_MATH = YES;
				SDKROOT = iphoneos;
				SWIFT_COMPILATION_MODE = wholemodule;
				SWIFT_OPTIMIZATION_LEVEL = "-O";
				VALIDATE_PRODUCT = YES;
			};
			name = Release;
		};
		8D4437362303F4AA00CEC622 /* Debug */ = {
			isa = XCBuildConfiguration;
			baseConfigurationReference = EFBD2E2FF186969D4ACB87F5 /* Pods-PodDevelopment.debug.xcconfig */;
			buildSettings = {
				ASSETCATALOG_COMPILER_APPICON_NAME = AppIcon;
				CODE_SIGN_STYLE = Automatic;
				INFOPLIST_FILE = PodDevelopment/Info.plist;
				LD_RUNPATH_SEARCH_PATHS = (
					"$(inherited)",
					"@executable_path/Frameworks",
				);
				PRODUCT_BUNDLE_IDENTIFIER = dev.utrpanic.PodDevelopment;
				PRODUCT_NAME = "$(TARGET_NAME)";
				SWIFT_VERSION = 5.0;
				TARGETED_DEVICE_FAMILY = "1,2";
			};
			name = Debug;
		};
		8D4437372303F4AA00CEC622 /* Release */ = {
			isa = XCBuildConfiguration;
			baseConfigurationReference = 64D4D1FA82EB462EA815ABE9 /* Pods-PodDevelopment.release.xcconfig */;
			buildSettings = {
				ASSETCATALOG_COMPILER_APPICON_NAME = AppIcon;
				CODE_SIGN_STYLE = Automatic;
				INFOPLIST_FILE = PodDevelopment/Info.plist;
				LD_RUNPATH_SEARCH_PATHS = (
					"$(inherited)",
					"@executable_path/Frameworks",
				);
				PRODUCT_BUNDLE_IDENTIFIER = dev.utrpanic.PodDevelopment;
				PRODUCT_NAME = "$(TARGET_NAME)";
				SWIFT_VERSION = 5.0;
				TARGETED_DEVICE_FAMILY = "1,2";
			};
			name = Release;
		};
/* End XCBuildConfiguration section */

/* Begin XCConfigurationList section */
		8D44371E2303F4AA00CEC622 /* Build configuration list for PBXProject "PodDevelopment" */ = {
			isa = XCConfigurationList;
			buildConfigurations = (
				8D4437332303F4AA00CEC622 /* Debug */,
				8D4437342303F4AA00CEC622 /* Release */,
			);
			defaultConfigurationIsVisible = 0;
			defaultConfigurationName = Release;
		};
		8D4437352303F4AA00CEC622 /* Build configuration list for PBXNativeTarget "PodDevelopment" */ = {
			isa = XCConfigurationList;
			buildConfigurations = (
				8D4437362303F4AA00CEC622 /* Debug */,
				8D4437372303F4AA00CEC622 /* Release */,
			);
			defaultConfigurationIsVisible = 0;
			defaultConfigurationName = Release;
		};
/* End XCConfigurationList section */
	};
	rootObject = 8D44371B2303F4AA00CEC622 /* Project object */;
}
