// !$*UTF8*$!
{
	archiveVersion = 1;
	classes = {
	};
	objectVersion = 52;
	objects = {

/* Begin PBXBuildFile section */
		60E8037C26EFA110008F1550 /* Common.swift in Sources */ = {isa = PBXBuildFile; fileRef = 60E8037326EFA110008F1550 /* Common.swift */; };
		60E8037D26EFA110008F1550 /* UIKit+Extension.swift in Sources */ = {isa = PBXBuildFile; fileRef = 60E8037526EFA110008F1550 /* UIKit+Extension.swift */; };
		60E8037E26EFA110008F1550 /* Swift+Extension.swift in Sources */ = {isa = PBXBuildFile; fileRef = 60E8037626EFA110008F1550 /* Swift+Extension.swift */; };
		60E8037F26EFA110008F1550 /* Foundation+Extension.swift in Sources */ = {isa = PBXBuildFile; fileRef = 60E8037726EFA110008F1550 /* Foundation+Extension.swift */; };
		60E8038026EFA110008F1550 /* EventBus.swift in Sources */ = {isa = PBXBuildFile; fileRef = 60E8037826EFA110008F1550 /* EventBus.swift */; };
		60E8038126EFA110008F1550 /* HTTPStatusCode.swift in Sources */ = {isa = PBXBuildFile; fileRef = 60E8037926EFA110008F1550 /* HTTPStatusCode.swift */; };
		60E8038226EFA110008F1550 /* NibLoadable.swift in Sources */ = {isa = PBXBuildFile; fileRef = 60E8037A26EFA110008F1550 /* NibLoadable.swift */; };
		60E8038326EFA110008F1550 /* LogService.swift in Sources */ = {isa = PBXBuildFile; fileRef = 60E8037B26EFA110008F1550 /* LogService.swift */; };
		60E8038926EFA122008F1550 /* Cartfile in Resources */ = {isa = PBXBuildFile; fileRef = 60E8038826EFA122008F1550 /* Cartfile */; };
		60E803A126EFA367008F1550 /* AnyCodable.xcframework in Frameworks */ = {isa = PBXBuildFile; fileRef = 60E803A026EFA367008F1550 /* AnyCodable.xcframework */; };
		60E803A226EFA367008F1550 /* AnyCodable.xcframework in Embed Frameworks */ = {isa = PBXBuildFile; fileRef = 60E803A026EFA367008F1550 /* AnyCodable.xcframework */; settings = {ATTRIBUTES = (CodeSignOnCopy, RemoveHeadersOnCopy, ); }; };
		60E803BD26EFA3F5008F1550 /* BoxKit.framework in Frameworks */ = {isa = PBXBuildFile; fileRef = 60E8036626EFA0D5008F1550 /* BoxKit.framework */; platformFilter = ios; };
		60E803C326EFA430008F1550 /* SwiftTests.swift in Sources */ = {isa = PBXBuildFile; fileRef = 60E8038626EFA116008F1550 /* SwiftTests.swift */; };
/* End PBXBuildFile section */

/* Begin PBXContainerItemProxy section */
		60E803BE26EFA3F5008F1550 /* PBXContainerItemProxy */ = {
			isa = PBXContainerItemProxy;
			containerPortal = 60E8035D26EFA0D5008F1550 /* Project object */;
			proxyType = 1;
			remoteGlobalIDString = 60E8036526EFA0D5008F1550;
			remoteInfo = BoxKit;
		};
/* End PBXContainerItemProxy section */

/* Begin PBXCopyFilesBuildPhase section */
		60E803A326EFA368008F1550 /* Embed Frameworks */ = {
			isa = PBXCopyFilesBuildPhase;
			buildActionMask = 2147483647;
			dstPath = "";
			dstSubfolderSpec = 10;
			files = (
				60E803A226EFA367008F1550 /* AnyCodable.xcframework in Embed Frameworks */,
			);
			name = "Embed Frameworks";
			runOnlyForDeploymentPostprocessing = 0;
		};
/* End PBXCopyFilesBuildPhase section */

/* Begin PBXFileReference section */
		60E8036626EFA0D5008F1550 /* BoxKit.framework */ = {isa = PBXFileReference; explicitFileType = wrapper.framework; includeInIndex = 0; path = BoxKit.framework; sourceTree = BUILT_PRODUCTS_DIR; };
		60E8037326EFA110008F1550 /* Common.swift */ = {isa = PBXFileReference; fileEncoding = 4; lastKnownFileType = sourcecode.swift; path = Common.swift; sourceTree = "<group>"; };
		60E8037526EFA110008F1550 /* UIKit+Extension.swift */ = {isa = PBXFileReference; fileEncoding = 4; lastKnownFileType = sourcecode.swift; path = "UIKit+Extension.swift"; sourceTree = "<group>"; };
		60E8037626EFA110008F1550 /* Swift+Extension.swift */ = {isa = PBXFileReference; fileEncoding = 4; lastKnownFileType = sourcecode.swift; path = "Swift+Extension.swift"; sourceTree = "<group>"; };
		60E8037726EFA110008F1550 /* Foundation+Extension.swift */ = {isa = PBXFileReference; fileEncoding = 4; lastKnownFileType = sourcecode.swift; path = "Foundation+Extension.swift"; sourceTree = "<group>"; };
		60E8037826EFA110008F1550 /* EventBus.swift */ = {isa = PBXFileReference; fileEncoding = 4; lastKnownFileType = sourcecode.swift; path = EventBus.swift; sourceTree = "<group>"; };
		60E8037926EFA110008F1550 /* HTTPStatusCode.swift */ = {isa = PBXFileReference; fileEncoding = 4; lastKnownFileType = sourcecode.swift; path = HTTPStatusCode.swift; sourceTree = "<group>"; };
		60E8037A26EFA110008F1550 /* NibLoadable.swift */ = {isa = PBXFileReference; fileEncoding = 4; lastKnownFileType = sourcecode.swift; path = NibLoadable.swift; sourceTree = "<group>"; };
		60E8037B26EFA110008F1550 /* LogService.swift */ = {isa = PBXFileReference; fileEncoding = 4; lastKnownFileType = sourcecode.swift; path = LogService.swift; sourceTree = "<group>"; };
		60E8038626EFA116008F1550 /* SwiftTests.swift */ = {isa = PBXFileReference; fileEncoding = 4; lastKnownFileType = sourcecode.swift; path = SwiftTests.swift; sourceTree = "<group>"; };
		60E8038826EFA122008F1550 /* Cartfile */ = {isa = PBXFileReference; fileEncoding = 4; lastKnownFileType = text; path = Cartfile; sourceTree = "<group>"; };
		60E803A026EFA367008F1550 /* AnyCodable.xcframework */ = {isa = PBXFileReference; lastKnownFileType = wrapper.xcframework; name = AnyCodable.xcframework; path = Carthage/Build/AnyCodable.xcframework; sourceTree = "<group>"; };
		60E803B826EFA3F5008F1550 /* BoxKitTests.xctest */ = {isa = PBXFileReference; explicitFileType = wrapper.cfbundle; includeInIndex = 0; path = BoxKitTests.xctest; sourceTree = BUILT_PRODUCTS_DIR; };
/* End PBXFileReference section */

/* Begin PBXFrameworksBuildPhase section */
		60E8036326EFA0D5008F1550 /* Frameworks */ = {
			isa = PBXFrameworksBuildPhase;
			buildActionMask = 2147483647;
			files = (
				60E803A126EFA367008F1550 /* AnyCodable.xcframework in Frameworks */,
			);
			runOnlyForDeploymentPostprocessing = 0;
		};
		60E803B526EFA3F5008F1550 /* Frameworks */ = {
			isa = PBXFrameworksBuildPhase;
			buildActionMask = 2147483647;
			files = (
				60E803BD26EFA3F5008F1550 /* BoxKit.framework in Frameworks */,
			);
			runOnlyForDeploymentPostprocessing = 0;
		};
/* End PBXFrameworksBuildPhase section */

/* Begin PBXGroup section */
		60E8035C26EFA0D5008F1550 = {
			isa = PBXGroup;
			children = (
				60E8037126EFA110008F1550 /* Sources */,
				60E8038426EFA116008F1550 /* Tests */,
				60E8038826EFA122008F1550 /* Cartfile */,
				60E8036726EFA0D5008F1550 /* Products */,
				60E8039F26EFA367008F1550 /* Frameworks */,
			);
			sourceTree = "<group>";
		};
		60E8036726EFA0D5008F1550 /* Products */ = {
			isa = PBXGroup;
			children = (
				60E8036626EFA0D5008F1550 /* BoxKit.framework */,
				60E803B826EFA3F5008F1550 /* BoxKitTests.xctest */,
			);
			name = Products;
			sourceTree = "<group>";
		};
		60E8037126EFA110008F1550 /* Sources */ = {
			isa = PBXGroup;
			children = (
				60E8037226EFA110008F1550 /* BoxKit */,
			);
			path = Sources;
			sourceTree = "<group>";
		};
		60E8037226EFA110008F1550 /* BoxKit */ = {
			isa = PBXGroup;
			children = (
				60E8037326EFA110008F1550 /* Common.swift */,
				60E8037426EFA110008F1550 /* Extensions */,
				60E8037826EFA110008F1550 /* EventBus.swift */,
				60E8037926EFA110008F1550 /* HTTPStatusCode.swift */,
				60E8037A26EFA110008F1550 /* NibLoadable.swift */,
				60E8037B26EFA110008F1550 /* LogService.swift */,
			);
			path = BoxKit;
			sourceTree = "<group>";
		};
		60E8037426EFA110008F1550 /* Extensions */ = {
			isa = PBXGroup;
			children = (
				60E8037526EFA110008F1550 /* UIKit+Extension.swift */,
				60E8037626EFA110008F1550 /* Swift+Extension.swift */,
				60E8037726EFA110008F1550 /* Foundation+Extension.swift */,
			);
			path = Extensions;
			sourceTree = "<group>";
		};
		60E8038426EFA116008F1550 /* Tests */ = {
			isa = PBXGroup;
			children = (
				60E8038526EFA116008F1550 /* BoxKitTests */,
			);
			path = Tests;
			sourceTree = "<group>";
		};
		60E8038526EFA116008F1550 /* BoxKitTests */ = {
			isa = PBXGroup;
			children = (
				60E8038626EFA116008F1550 /* SwiftTests.swift */,
			);
			path = BoxKitTests;
			sourceTree = "<group>";
		};
		60E8039F26EFA367008F1550 /* Frameworks */ = {
			isa = PBXGroup;
			children = (
				60E803A026EFA367008F1550 /* AnyCodable.xcframework */,
			);
			name = Frameworks;
			sourceTree = "<group>";
		};
/* End PBXGroup section */

/* Begin PBXHeadersBuildPhase section */
		60E8036126EFA0D5008F1550 /* Headers */ = {
			isa = PBXHeadersBuildPhase;
			buildActionMask = 2147483647;
			files = (
			);
			runOnlyForDeploymentPostprocessing = 0;
		};
/* End PBXHeadersBuildPhase section */

/* Begin PBXNativeTarget section */
		60E8036526EFA0D5008F1550 /* BoxKit */ = {
			isa = PBXNativeTarget;
			buildConfigurationList = 60E8036E26EFA0D5008F1550 /* Build configuration list for PBXNativeTarget "BoxKit" */;
			buildPhases = (
				60E8036126EFA0D5008F1550 /* Headers */,
				60E8036226EFA0D5008F1550 /* Sources */,
				60E8036326EFA0D5008F1550 /* Frameworks */,
				60E8036426EFA0D5008F1550 /* Resources */,
				60E803A326EFA368008F1550 /* Embed Frameworks */,
			);
			buildRules = (
			);
			dependencies = (
			);
			name = BoxKit;
			productName = BoxKit;
			productReference = 60E8036626EFA0D5008F1550 /* BoxKit.framework */;
			productType = "com.apple.product-type.framework";
		};
		60E803B726EFA3F5008F1550 /* BoxKitTests */ = {
			isa = PBXNativeTarget;
			buildConfigurationList = 60E803C026EFA3F5008F1550 /* Build configuration list for PBXNativeTarget "BoxKitTests" */;
			buildPhases = (
				60E803B426EFA3F5008F1550 /* Sources */,
				60E803B526EFA3F5008F1550 /* Frameworks */,
				60E803B626EFA3F5008F1550 /* Resources */,
			);
			buildRules = (
			);
			dependencies = (
				60E803BF26EFA3F5008F1550 /* PBXTargetDependency */,
			);
			name = BoxKitTests;
			productName = BoxKitTests;
			productReference = 60E803B826EFA3F5008F1550 /* BoxKitTests.xctest */;
			productType = "com.apple.product-type.bundle.unit-test";
		};
/* End PBXNativeTarget section */

/* Begin PBXProject section */
		60E8035D26EFA0D5008F1550 /* Project object */ = {
			isa = PBXProject;
			attributes = {
				LastSwiftUpdateCheck = 1250;
				LastUpgradeCheck = 1250;
				TargetAttributes = {
					60E8036526EFA0D5008F1550 = {
						CreatedOnToolsVersion = 12.5.1;
					};
					60E803B726EFA3F5008F1550 = {
						CreatedOnToolsVersion = 12.5.1;
					};
				};
			};
			buildConfigurationList = 60E8036026EFA0D5008F1550 /* Build configuration list for PBXProject "BoxKit" */;
			compatibilityVersion = "Xcode 9.3";
			developmentRegion = en;
			hasScannedForEncodings = 0;
			knownRegions = (
				en,
				Base,
			);
			mainGroup = 60E8035C26EFA0D5008F1550;
			productRefGroup = 60E8036726EFA0D5008F1550 /* Products */;
			projectDirPath = "";
			projectRoot = "";
			targets = (
				60E8036526EFA0D5008F1550 /* BoxKit */,
				60E803B726EFA3F5008F1550 /* BoxKitTests */,
			);
		};
/* End PBXProject section */

/* Begin PBXResourcesBuildPhase section */
		60E8036426EFA0D5008F1550 /* Resources */ = {
			isa = PBXResourcesBuildPhase;
			buildActionMask = 2147483647;
			files = (
				60E8038926EFA122008F1550 /* Cartfile in Resources */,
			);
			runOnlyForDeploymentPostprocessing = 0;
		};
		60E803B626EFA3F5008F1550 /* Resources */ = {
			isa = PBXResourcesBuildPhase;
			buildActionMask = 2147483647;
			files = (
			);
			runOnlyForDeploymentPostprocessing = 0;
		};
/* End PBXResourcesBuildPhase section */

/* Begin PBXSourcesBuildPhase section */
		60E8036226EFA0D5008F1550 /* Sources */ = {
			isa = PBXSourcesBuildPhase;
			buildActionMask = 2147483647;
			files = (
				60E8038126EFA110008F1550 /* HTTPStatusCode.swift in Sources */,
				60E8037F26EFA110008F1550 /* Foundation+Extension.swift in Sources */,
				60E8038226EFA110008F1550 /* NibLoadable.swift in Sources */,
				60E8038026EFA110008F1550 /* EventBus.swift in Sources */,
				60E8037D26EFA110008F1550 /* UIKit+Extension.swift in Sources */,
				60E8037E26EFA110008F1550 /* Swift+Extension.swift in Sources */,
				60E8038326EFA110008F1550 /* LogService.swift in Sources */,
				60E8037C26EFA110008F1550 /* Common.swift in Sources */,
			);
			runOnlyForDeploymentPostprocessing = 0;
		};
		60E803B426EFA3F5008F1550 /* Sources */ = {
			isa = PBXSourcesBuildPhase;
			buildActionMask = 2147483647;
			files = (
				60E803C326EFA430008F1550 /* SwiftTests.swift in Sources */,
			);
			runOnlyForDeploymentPostprocessing = 0;
		};
/* End PBXSourcesBuildPhase section */

/* Begin PBXTargetDependency section */
		60E803BF26EFA3F5008F1550 /* PBXTargetDependency */ = {
			isa = PBXTargetDependency;
			platformFilter = ios;
			target = 60E8036526EFA0D5008F1550 /* BoxKit */;
			targetProxy = 60E803BE26EFA3F5008F1550 /* PBXContainerItemProxy */;
		};
/* End PBXTargetDependency section */

/* Begin XCBuildConfiguration section */
		60E8036C26EFA0D5008F1550 /* Debug */ = {
			isa = XCBuildConfiguration;
			buildSettings = {
				ALWAYS_SEARCH_USER_PATHS = NO;
				CLANG_ANALYZER_NONNULL = YES;
				CLANG_ANALYZER_NUMBER_OBJECT_CONVERSION = YES_AGGRESSIVE;
				CLANG_CXX_LANGUAGE_STANDARD = "gnu++14";
				CLANG_CXX_LIBRARY = "libc++";
				CLANG_ENABLE_MODULES = YES;
				CLANG_ENABLE_OBJC_ARC = YES;
				CLANG_ENABLE_OBJC_WEAK = YES;
				CLANG_WARN_BLOCK_CAPTURE_AUTORELEASING = YES;
				CLANG_WARN_BOOL_CONVERSION = YES;
				CLANG_WARN_COMMA = YES;
				CLANG_WARN_CONSTANT_CONVERSION = YES;
				CLANG_WARN_DEPRECATED_OBJC_IMPLEMENTATIONS = YES;
				CLANG_WARN_DIRECT_OBJC_ISA_USAGE = YES_ERROR;
				CLANG_WARN_DOCUMENTATION_COMMENTS = YES;
				CLANG_WARN_EMPTY_BODY = YES;
				CLANG_WARN_ENUM_CONVERSION = YES;
				CLANG_WARN_INFINITE_RECURSION = YES;
				CLANG_WARN_INT_CONVERSION = YES;
				CLANG_WARN_NON_LITERAL_NULL_CONVERSION = YES;
				CLANG_WARN_OBJC_IMPLICIT_RETAIN_SELF = YES;
				CLANG_WARN_OBJC_LITERAL_CONVERSION = YES;
				CLANG_WARN_OBJC_ROOT_CLASS = YES_ERROR;
				CLANG_WARN_QUOTED_INCLUDE_IN_FRAMEWORK_HEADER = YES;
				CLANG_WARN_RANGE_LOOP_ANALYSIS = YES;
				CLANG_WARN_STRICT_PROTOTYPES = YES;
				CLANG_WARN_SUSPICIOUS_MOVE = YES;
				CLANG_WARN_UNGUARDED_AVAILABILITY = YES_AGGRESSIVE;
				CLANG_WARN_UNREACHABLE_CODE = YES;
				CLANG_WARN__DUPLICATE_METHOD_MATCH = YES;
				COPY_PHASE_STRIP = NO;
				CURRENT_PROJECT_VERSION = 1;
				DEBUG_INFORMATION_FORMAT = dwarf;
				ENABLE_STRICT_OBJC_MSGSEND = YES;
				ENABLE_TESTABILITY = YES;
				GCC_C_LANGUAGE_STANDARD = gnu11;
				GCC_DYNAMIC_NO_PIC = NO;
				GCC_NO_COMMON_BLOCKS = YES;
				GCC_OPTIMIZATION_LEVEL = 0;
				GCC_PREPROCESSOR_DEFINITIONS = (
					"DEBUG=1",
					"$(inherited)",
				);
				GCC_WARN_64_TO_32_BIT_CONVERSION = YES;
				GCC_WARN_ABOUT_RETURN_TYPE = YES_ERROR;
				GCC_WARN_UNDECLARED_SELECTOR = YES;
				GCC_WARN_UNINITIALIZED_AUTOS = YES_AGGRESSIVE;
				GCC_WARN_UNUSED_FUNCTION = YES;
				GCC_WARN_UNUSED_VARIABLE = YES;
				IPHONEOS_DEPLOYMENT_TARGET = 14.0;
				MTL_ENABLE_DEBUG_INFO = INCLUDE_SOURCE;
				MTL_FAST_MATH = YES;
				ONLY_ACTIVE_ARCH = YES;
				SDKROOT = iphoneos;
				SWIFT_ACTIVE_COMPILATION_CONDITIONS = DEBUG;
				SWIFT_OPTIMIZATION_LEVEL = "-Onone";
				VERSIONING_SYSTEM = "apple-generic";
				VERSION_INFO_PREFIX = "";
			};
			name = Debug;
		};
		60E8036D26EFA0D5008F1550 /* Release */ = {
			isa = XCBuildConfiguration;
			buildSettings = {
				ALWAYS_SEARCH_USER_PATHS = NO;
				CLANG_ANALYZER_NONNULL = YES;
				CLANG_ANALYZER_NUMBER_OBJECT_CONVERSION = YES_AGGRESSIVE;
				CLANG_CXX_LANGUAGE_STANDARD = "gnu++14";
				CLANG_CXX_LIBRARY = "libc++";
				CLANG_ENABLE_MODULES = YES;
				CLANG_ENABLE_OBJC_ARC = YES;
				CLANG_ENABLE_OBJC_WEAK = YES;
				CLANG_WARN_BLOCK_CAPTURE_AUTORELEASING = YES;
				CLANG_WARN_BOOL_CONVERSION = YES;
				CLANG_WARN_COMMA = YES;
				CLANG_WARN_CONSTANT_CONVERSION = YES;
				CLANG_WARN_DEPRECATED_OBJC_IMPLEMENTATIONS = YES;
				CLANG_WARN_DIRECT_OBJC_ISA_USAGE = YES_ERROR;
				CLANG_WARN_DOCUMENTATION_COMMENTS = YES;
				CLANG_WARN_EMPTY_BODY = YES;
				CLANG_WARN_ENUM_CONVERSION = YES;
				CLANG_WARN_INFINITE_RECURSION = YES;
				CLANG_WARN_INT_CONVERSION = YES;
				CLANG_WARN_NON_LITERAL_NULL_CONVERSION = YES;
				CLANG_WARN_OBJC_IMPLICIT_RETAIN_SELF = YES;
				CLANG_WARN_OBJC_LITERAL_CONVERSION = YES;
				CLANG_WARN_OBJC_ROOT_CLASS = YES_ERROR;
				CLANG_WARN_QUOTED_INCLUDE_IN_FRAMEWORK_HEADER = YES;
				CLANG_WARN_RANGE_LOOP_ANALYSIS = YES;
				CLANG_WARN_STRICT_PROTOTYPES = YES;
				CLANG_WARN_SUSPICIOUS_MOVE = YES;
				CLANG_WARN_UNGUARDED_AVAILABILITY = YES_AGGRESSIVE;
				CLANG_WARN_UNREACHABLE_CODE = YES;
				CLANG_WARN__DUPLICATE_METHOD_MATCH = YES;
				COPY_PHASE_STRIP = NO;
				CURRENT_PROJECT_VERSION = 1;
				DEBUG_INFORMATION_FORMAT = "dwarf-with-dsym";
				ENABLE_NS_ASSERTIONS = NO;
				ENABLE_STRICT_OBJC_MSGSEND = YES;
				GCC_C_LANGUAGE_STANDARD = gnu11;
				GCC_NO_COMMON_BLOCKS = YES;
				GCC_WARN_64_TO_32_BIT_CONVERSION = YES;
				GCC_WARN_ABOUT_RETURN_TYPE = YES_ERROR;
				GCC_WARN_UNDECLARED_SELECTOR = YES;
				GCC_WARN_UNINITIALIZED_AUTOS = YES_AGGRESSIVE;
				GCC_WARN_UNUSED_FUNCTION = YES;
				GCC_WARN_UNUSED_VARIABLE = YES;
				IPHONEOS_DEPLOYMENT_TARGET = 14.0;
				MTL_ENABLE_DEBUG_INFO = NO;
				MTL_FAST_MATH = YES;
				SDKROOT = iphoneos;
				SWIFT_COMPILATION_MODE = wholemodule;
				SWIFT_OPTIMIZATION_LEVEL = "-O";
				VALIDATE_PRODUCT = YES;
				VERSIONING_SYSTEM = "apple-generic";
				VERSION_INFO_PREFIX = "";
			};
			name = Release;
		};
		60E8036F26EFA0D5008F1550 /* Debug */ = {
			isa = XCBuildConfiguration;
			buildSettings = {
				CODE_SIGN_STYLE = Automatic;
				DEFINES_MODULE = YES;
				DYLIB_COMPATIBILITY_VERSION = 1;
				DYLIB_CURRENT_VERSION = 1;
				DYLIB_INSTALL_NAME_BASE = "@rpath";
				INFOPLIST_FILE = "BoxKit.xcodeproj/BoxKit-Info.plist";
				INSTALL_PATH = "$(LOCAL_LIBRARY_DIR)/Frameworks";
				LD_RUNPATH_SEARCH_PATHS = (
					"$(inherited)",
					"@executable_path/Frameworks",
					"@loader_path/Frameworks",
				);
				PRODUCT_BUNDLE_IDENTIFIER = dev.utrpanic.BoxKit;
				PRODUCT_NAME = "$(TARGET_NAME:c99extidentifier)";
				SKIP_INSTALL = YES;
				SUPPORTS_MACCATALYST = NO;
				SWIFT_VERSION = 5.0;
				TARGETED_DEVICE_FAMILY = "1,2";
			};
			name = Debug;
		};
		60E8037026EFA0D5008F1550 /* Release */ = {
			isa = XCBuildConfiguration;
			buildSettings = {
				CODE_SIGN_STYLE = Automatic;
				DEFINES_MODULE = YES;
				DYLIB_COMPATIBILITY_VERSION = 1;
				DYLIB_CURRENT_VERSION = 1;
				DYLIB_INSTALL_NAME_BASE = "@rpath";
				INFOPLIST_FILE = "BoxKit.xcodeproj/BoxKit-Info.plist";
				INSTALL_PATH = "$(LOCAL_LIBRARY_DIR)/Frameworks";
				LD_RUNPATH_SEARCH_PATHS = (
					"$(inherited)",
					"@executable_path/Frameworks",
					"@loader_path/Frameworks",
				);
				PRODUCT_BUNDLE_IDENTIFIER = dev.utrpanic.BoxKit;
				PRODUCT_NAME = "$(TARGET_NAME:c99extidentifier)";
				SKIP_INSTALL = YES;
				SUPPORTS_MACCATALYST = NO;
				SWIFT_VERSION = 5.0;
				TARGETED_DEVICE_FAMILY = "1,2";
			};
			name = Release;
		};
		60E803C126EFA3F5008F1550 /* Debug */ = {
			isa = XCBuildConfiguration;
			buildSettings = {
				CODE_SIGN_STYLE = Automatic;
				INFOPLIST_FILE = "BoxKit.xcodeproj/BoxKitTests-Info.plist";
				LD_RUNPATH_SEARCH_PATHS = (
					"$(inherited)",
					"@executable_path/Frameworks",
					"@loader_path/Frameworks",
				);
				PRODUCT_BUNDLE_IDENTIFIER = dev.utrpanic.BoxKitTests;
				PRODUCT_NAME = "$(TARGET_NAME)";
				SWIFT_VERSION = 5.0;
				TARGETED_DEVICE_FAMILY = "1,2";
			};
			name = Debug;
		};
		60E803C226EFA3F5008F1550 /* Release */ = {
			isa = XCBuildConfiguration;
			buildSettings = {
				CODE_SIGN_STYLE = Automatic;
				INFOPLIST_FILE = "BoxKit.xcodeproj/BoxKitTests-Info.plist";
				LD_RUNPATH_SEARCH_PATHS = (
					"$(inherited)",
					"@executable_path/Frameworks",
					"@loader_path/Frameworks",
				);
				PRODUCT_BUNDLE_IDENTIFIER = dev.utrpanic.BoxKitTests;
				PRODUCT_NAME = "$(TARGET_NAME)";
				SWIFT_VERSION = 5.0;
				TARGETED_DEVICE_FAMILY = "1,2";
			};
			name = Release;
		};
/* End XCBuildConfiguration section */

/* Begin XCConfigurationList section */
		60E8036026EFA0D5008F1550 /* Build configuration list for PBXProject "BoxKit" */ = {
			isa = XCConfigurationList;
			buildConfigurations = (
				60E8036C26EFA0D5008F1550 /* Debug */,
				60E8036D26EFA0D5008F1550 /* Release */,
			);
			defaultConfigurationIsVisible = 0;
			defaultConfigurationName = Release;
		};
		60E8036E26EFA0D5008F1550 /* Build configuration list for PBXNativeTarget "BoxKit" */ = {
			isa = XCConfigurationList;
			buildConfigurations = (
				60E8036F26EFA0D5008F1550 /* Debug */,
				60E8037026EFA0D5008F1550 /* Release */,
			);
			defaultConfigurationIsVisible = 0;
			defaultConfigurationName = Release;
		};
		60E803C026EFA3F5008F1550 /* Build configuration list for PBXNativeTarget "BoxKitTests" */ = {
			isa = XCConfigurationList;
			buildConfigurations = (
				60E803C126EFA3F5008F1550 /* Debug */,
				60E803C226EFA3F5008F1550 /* Release */,
			);
			defaultConfigurationIsVisible = 0;
			defaultConfigurationName = Release;
		};
/* End XCConfigurationList section */
	};
	rootObject = 60E8035D26EFA0D5008F1550 /* Project object */;
}
