// !$*UTF8*$!
{
	archiveVersion = 1;
	classes = {
	};
	objectVersion = 50;
	objects = {

/* Begin PBXBuildFile section */
		600C1B1722FE7597007C9FDC /* AppDelegate.swift in Sources */ = {isa = PBXBuildFile; fileRef = 600C1B1622FE7597007C9FDC /* AppDelegate.swift */; };
		600C1B1922FE7597007C9FDC /* ViewController.swift in Sources */ = {isa = PBXBuildFile; fileRef = 600C1B1822FE7597007C9FDC /* ViewController.swift */; };
		600C1B1C22FE7597007C9FDC /* Main.storyboard in Resources */ = {isa = PBXBuildFile; fileRef = 600C1B1A22FE7597007C9FDC /* Main.storyboard */; };
		600C1B1E22FE7598007C9FDC /* Assets.xcassets in Resources */ = {isa = PBXBuildFile; fileRef = 600C1B1D22FE7598007C9FDC /* Assets.xcassets */; };
		600C1B2122FE7598007C9FDC /* LaunchScreen.storyboard in Resources */ = {isa = PBXBuildFile; fileRef = 600C1B1F22FE7598007C9FDC /* LaunchScreen.storyboard */; };
		DE6AA2821B69BBC20B577125 /* Pods_BoxKitExample.framework in Frameworks */ = {isa = PBXBuildFile; fileRef = 4301978F1BFEF23C400DCFF8 /* Pods_BoxKitExample.framework */; };
/* End PBXBuildFile section */

/* Begin PBXFileReference section */
		4301978F1BFEF23C400DCFF8 /* Pods_BoxKitExample.framework */ = {isa = PBXFileReference; explicitFileType = wrapper.framework; includeInIndex = 0; path = Pods_BoxKitExample.framework; sourceTree = BUILT_PRODUCTS_DIR; };
		600C1B1322FE7597007C9FDC /* BoxKitExample.app */ = {isa = PBXFileReference; explicitFileType = wrapper.application; includeInIndex = 0; path = BoxKitExample.app; sourceTree = BUILT_PRODUCTS_DIR; };
		600C1B1622FE7597007C9FDC /* AppDelegate.swift */ = {isa = PBXFileReference; lastKnownFileType = sourcecode.swift; path = AppDelegate.swift; sourceTree = "<group>"; };
		600C1B1822FE7597007C9FDC /* ViewController.swift */ = {isa = PBXFileReference; lastKnownFileType = sourcecode.swift; path = ViewController.swift; sourceTree = "<group>"; };
		600C1B1B22FE7597007C9FDC /* Base */ = {isa = PBXFileReference; lastKnownFileType = file.storyboard; name = Base; path = Base.lproj/Main.storyboard; sourceTree = "<group>"; };
		600C1B1D22FE7598007C9FDC /* Assets.xcassets */ = {isa = PBXFileReference; lastKnownFileType = folder.assetcatalog; path = Assets.xcassets; sourceTree = "<group>"; };
		600C1B2022FE7598007C9FDC /* Base */ = {isa = PBXFileReference; lastKnownFileType = file.storyboard; name = Base; path = Base.lproj/LaunchScreen.storyboard; sourceTree = "<group>"; };
		600C1B2222FE7598007C9FDC /* Info.plist */ = {isa = PBXFileReference; lastKnownFileType = text.plist.xml; path = Info.plist; sourceTree = "<group>"; };
		630B0A4B3A9E4A3D404960EA /* Pods-BoxKitExample.debug.xcconfig */ = {isa = PBXFileReference; includeInIndex = 1; lastKnownFileType = text.xcconfig; name = "Pods-BoxKitExample.debug.xcconfig"; path = "Target Support Files/Pods-BoxKitExample/Pods-BoxKitExample.debug.xcconfig"; sourceTree = "<group>"; };
		9EA7CD9B7D50927379534724 /* Pods-BoxKitExample.release.xcconfig */ = {isa = PBXFileReference; includeInIndex = 1; lastKnownFileType = text.xcconfig; name = "Pods-BoxKitExample.release.xcconfig"; path = "Target Support Files/Pods-BoxKitExample/Pods-BoxKitExample.release.xcconfig"; sourceTree = "<group>"; };
/* End PBXFileReference section */

/* Begin PBXFrameworksBuildPhase section */
		600C1B1022FE7597007C9FDC /* Frameworks */ = {
			isa = PBXFrameworksBuildPhase;
			buildActionMask = 2147483647;
			files = (
				DE6AA2821B69BBC20B577125 /* Pods_BoxKitExample.framework in Frameworks */,
			);
			runOnlyForDeploymentPostprocessing = 0;
		};
/* End PBXFrameworksBuildPhase section */

/* Begin PBXGroup section */
		600C1B0A22FE7597007C9FDC = {
			isa = PBXGroup;
			children = (
				600C1B1522FE7597007C9FDC /* BoxKitExample */,
				600C1B1422FE7597007C9FDC /* Products */,
				7E61F0C9AAF98EC9D77EE036 /* Pods */,
				AC6473BDF24C20A5DB448A8B /* Frameworks */,
			);
			sourceTree = "<group>";
		};
		600C1B1422FE7597007C9FDC /* Products */ = {
			isa = PBXGroup;
			children = (
				600C1B1322FE7597007C9FDC /* BoxKitExample.app */,
			);
			name = Products;
			sourceTree = "<group>";
		};
		600C1B1522FE7597007C9FDC /* BoxKitExample */ = {
			isa = PBXGroup;
			children = (
				600C1B1F22FE7598007C9FDC /* LaunchScreen.storyboard */,
				600C1B1622FE7597007C9FDC /* AppDelegate.swift */,
				600C1B1A22FE7597007C9FDC /* Main.storyboard */,
				600C1B1822FE7597007C9FDC /* ViewController.swift */,
				600C1B1D22FE7598007C9FDC /* Assets.xcassets */,
				600C1B2222FE7598007C9FDC /* Info.plist */,
			);
			path = BoxKitExample;
			sourceTree = "<group>";
		};
		7E61F0C9AAF98EC9D77EE036 /* Pods */ = {
			isa = PBXGroup;
			children = (
				630B0A4B3A9E4A3D404960EA /* Pods-BoxKitExample.debug.xcconfig */,
				9EA7CD9B7D50927379534724 /* Pods-BoxKitExample.release.xcconfig */,
			);
			path = Pods;
			sourceTree = "<group>";
		};
		AC6473BDF24C20A5DB448A8B /* Frameworks */ = {
			isa = PBXGroup;
			children = (
				4301978F1BFEF23C400DCFF8 /* Pods_BoxKitExample.framework */,
			);
			name = Frameworks;
			sourceTree = "<group>";
		};
/* End PBXGroup section */

/* Begin PBXNativeTarget section */
		600C1B1222FE7597007C9FDC /* BoxKitExample */ = {
			isa = PBXNativeTarget;
			buildConfigurationList = 600C1B2522FE7598007C9FDC /* Build configuration list for PBXNativeTarget "BoxKitExample" */;
			buildPhases = (
				E8AA38DDB79F40039AE7EB80 /* [CP] Check Pods Manifest.lock */,
				600C1B0F22FE7597007C9FDC /* Sources */,
				600C1B1022FE7597007C9FDC /* Frameworks */,
				600C1B1122FE7597007C9FDC /* Resources */,
			);
			buildRules = (
			);
			dependencies = (
			);
			name = BoxKitExample;
			productName = BoxKitExample;
			productReference = 600C1B1322FE7597007C9FDC /* BoxKitExample.app */;
			productType = "com.apple.product-type.application";
		};
/* End PBXNativeTarget section */

/* Begin PBXProject section */
		600C1B0B22FE7597007C9FDC /* Project object */ = {
			isa = PBXProject;
			attributes = {
				LastSwiftUpdateCheck = 1020;
				LastUpgradeCheck = 1020;
				ORGANIZATIONNAME = utrpanic;
				TargetAttributes = {
					600C1B1222FE7597007C9FDC = {
						CreatedOnToolsVersion = 10.2.1;
					};
				};
			};
			buildConfigurationList = 600C1B0E22FE7597007C9FDC /* Build configuration list for PBXProject "BoxKitExample" */;
			compatibilityVersion = "Xcode 9.3";
			developmentRegion = en;
			hasScannedForEncodings = 0;
			knownRegions = (
				en,
				Base,
			);
			mainGroup = 600C1B0A22FE7597007C9FDC;
			productRefGroup = 600C1B1422FE7597007C9FDC /* Products */;
			projectDirPath = "";
			projectRoot = "";
			targets = (
				600C1B1222FE7597007C9FDC /* BoxKitExample */,
			);
		};
/* End PBXProject section */

/* Begin PBXResourcesBuildPhase section */
		600C1B1122FE7597007C9FDC /* Resources */ = {
			isa = PBXResourcesBuildPhase;
			buildActionMask = 2147483647;
			files = (
				600C1B2122FE7598007C9FDC /* LaunchScreen.storyboard in Resources */,
				600C1B1E22FE7598007C9FDC /* Assets.xcassets in Resources */,
				600C1B1C22FE7597007C9FDC /* Main.storyboard in Resources */,
			);
			runOnlyForDeploymentPostprocessing = 0;
		};
/* End PBXResourcesBuildPhase section */

/* Begin PBXShellScriptBuildPhase section */
		E8AA38DDB79F40039AE7EB80 /* [CP] Check Pods Manifest.lock */ = {
			isa = PBXShellScriptBuildPhase;
			buildActionMask = 2147483647;
			files = (
			);
			inputFileListPaths = (
			);
			inputPaths = (
				"${PODS_PODFILE_DIR_PATH}/Podfile.lock",
				"${PODS_ROOT}/Manifest.lock",
			);
			name = "[CP] Check Pods Manifest.lock";
			outputFileListPaths = (
			);
			outputPaths = (
				"$(DERIVED_FILE_DIR)/Pods-BoxKitExample-checkManifestLockResult.txt",
			);
			runOnlyForDeploymentPostprocessing = 0;
			shellPath = /bin/sh;
			shellScript = "diff \"${PODS_PODFILE_DIR_PATH}/Podfile.lock\" \"${PODS_ROOT}/Manifest.lock\" > /dev/null\nif [ $? != 0 ] ; then\n    # print error to STDERR\n    echo \"error: The sandbox is not in sync with the Podfile.lock. Run 'pod install' or update your CocoaPods installation.\" >&2\n    exit 1\nfi\n# This output is used by Xcode 'outputs' to avoid re-running this script phase.\necho \"SUCCESS\" > \"${SCRIPT_OUTPUT_FILE_0}\"\n";
			showEnvVarsInLog = 0;
		};
/* End PBXShellScriptBuildPhase section */

/* Begin PBXSourcesBuildPhase section */
		600C1B0F22FE7597007C9FDC /* Sources */ = {
			isa = PBXSourcesBuildPhase;
			buildActionMask = 2147483647;
			files = (
				600C1B1922FE7597007C9FDC /* ViewController.swift in Sources */,
				600C1B1722FE7597007C9FDC /* AppDelegate.swift in Sources */,
			);
			runOnlyForDeploymentPostprocessing = 0;
		};
/* End PBXSourcesBuildPhase section */

/* Begin PBXVariantGroup section */
		600C1B1A22FE7597007C9FDC /* Main.storyboard */ = {
			isa = PBXVariantGroup;
			children = (
				600C1B1B22FE7597007C9FDC /* Base */,
			);
			name = Main.storyboard;
			sourceTree = "<group>";
		};
		600C1B1F22FE7598007C9FDC /* LaunchScreen.storyboard */ = {
			isa = PBXVariantGroup;
			children = (
				600C1B2022FE7598007C9FDC /* Base */,
			);
			name = LaunchScreen.storyboard;
			sourceTree = "<group>";
		};
/* End PBXVariantGroup section */

/* Begin XCBuildConfiguration section */
		600C1B2322FE7598007C9FDC /* Debug */ = {
			isa = XCBuildConfiguration;
			buildSettings = {
				ALWAYS_SEARCH_USER_PATHS = NO;
				CLANG_ANALYZER_NONNULL = YES;
				CLANG_ANALYZER_NUMBER_OBJECT_CONVERSION = YES_AGGRESSIVE;
				CLANG_CXX_LANGUAGE_STANDARD = "gnu++14";
				CLANG_CXX_LIBRARY = "libc++";
				CLANG_ENABLE_MODULES = YES;
				CLANG_ENABLE_OBJC_ARC = YES;
				CLANG_ENABLE_OBJC_WEAK = YES;
				CLANG_WARN_BLOCK_CAPTURE_AUTORELEASING = YES;
				CLANG_WARN_BOOL_CONVERSION = YES;
				CLANG_WARN_COMMA = YES;
				CLANG_WARN_CONSTANT_CONVERSION = YES;
				CLANG_WARN_DEPRECATED_OBJC_IMPLEMENTATIONS = YES;
				CLANG_WARN_DIRECT_OBJC_ISA_USAGE = YES_ERROR;
				CLANG_WARN_DOCUMENTATION_COMMENTS = YES;
				CLANG_WARN_EMPTY_BODY = YES;
				CLANG_WARN_ENUM_CONVERSION = YES;
				CLANG_WARN_INFINITE_RECURSION = YES;
				CLANG_WARN_INT_CONVERSION = YES;
				CLANG_WARN_NON_LITERAL_NULL_CONVERSION = YES;
				CLANG_WARN_OBJC_IMPLICIT_RETAIN_SELF = YES;
				CLANG_WARN_OBJC_LITERAL_CONVERSION = YES;
				CLANG_WARN_OBJC_ROOT_CLASS = YES_ERROR;
				CLANG_WARN_RANGE_LOOP_ANALYSIS = YES;
				CLANG_WARN_STRICT_PROTOTYPES = YES;
				CLANG_WARN_SUSPICIOUS_MOVE = YES;
				CLANG_WARN_UNGUARDED_AVAILABILITY = YES_AGGRESSIVE;
				CLANG_WARN_UNREACHABLE_CODE = YES;
				CLANG_WARN__DUPLICATE_METHOD_MATCH = YES;
				CODE_SIGN_IDENTITY = "iPhone Developer";
				COPY_PHASE_STRIP = NO;
				DEBUG_INFORMATION_FORMAT = dwarf;
				ENABLE_STRICT_OBJC_MSGSEND = YES;
				ENABLE_TESTABILITY = YES;
				GCC_C_LANGUAGE_STANDARD = gnu11;
				GCC_DYNAMIC_NO_PIC = NO;
				GCC_NO_COMMON_BLOCKS = YES;
				GCC_OPTIMIZATION_LEVEL = 0;
				GCC_PREPROCESSOR_DEFINITIONS = (
					"DEBUG=1",
					"$(inherited)",
				);
				GCC_WARN_64_TO_32_BIT_CONVERSION = YES;
				GCC_WARN_ABOUT_RETURN_TYPE = YES_ERROR;
				GCC_WARN_UNDECLARED_SELECTOR = YES;
				GCC_WARN_UNINITIALIZED_AUTOS = YES_AGGRESSIVE;
				GCC_WARN_UNUSED_FUNCTION = YES;
				GCC_WARN_UNUSED_VARIABLE = YES;
				IPHONEOS_DEPLOYMENT_TARGET = 12.2;
				MTL_ENABLE_DEBUG_INFO = INCLUDE_SOURCE;
				MTL_FAST_MATH = YES;
				ONLY_ACTIVE_ARCH = YES;
				SDKROOT = iphoneos;
				SWIFT_ACTIVE_COMPILATION_CONDITIONS = DEBUG;
				SWIFT_OPTIMIZATION_LEVEL = "-Onone";
			};
			name = Debug;
		};
		600C1B2422FE7598007C9FDC /* Release */ = {
			isa = XCBuildConfiguration;
			buildSettings = {
				ALWAYS_SEARCH_USER_PATHS = NO;
				CLANG_ANALYZER_NONNULL = YES;
				CLANG_ANALYZER_NUMBER_OBJECT_CONVERSION = YES_AGGRESSIVE;
				CLANG_CXX_LANGUAGE_STANDARD = "gnu++14";
				CLANG_CXX_LIBRARY = "libc++";
				CLANG_ENABLE_MODULES = YES;
				CLANG_ENABLE_OBJC_ARC = YES;
				CLANG_ENABLE_OBJC_WEAK = YES;
				CLANG_WARN_BLOCK_CAPTURE_AUTORELEASING = YES;
				CLANG_WARN_BOOL_CONVERSION = YES;
				CLANG_WARN_COMMA = YES;
				CLANG_WARN_CONSTANT_CONVERSION = YES;
				CLANG_WARN_DEPRECATED_OBJC_IMPLEMENTATIONS = YES;
				CLANG_WARN_DIRECT_OBJC_ISA_USAGE = YES_ERROR;
				CLANG_WARN_DOCUMENTATION_COMMENTS = YES;
				CLANG_WARN_EMPTY_BODY = YES;
				CLANG_WARN_ENUM_CONVERSION = YES;
				CLANG_WARN_INFINITE_RECURSION = YES;
				CLANG_WARN_INT_CONVERSION = YES;
				CLANG_WARN_NON_LITERAL_NULL_CONVERSION = YES;
				CLANG_WARN_OBJC_IMPLICIT_RETAIN_SELF = YES;
				CLANG_WARN_OBJC_LITERAL_CONVERSION = YES;
				CLANG_WARN_OBJC_ROOT_CLASS = YES_ERROR;
				CLANG_WARN_RANGE_LOOP_ANALYSIS = YES;
				CLANG_WARN_STRICT_PROTOTYPES = YES;
				CLANG_WARN_SUSPICIOUS_MOVE = YES;
				CLANG_WARN_UNGUARDED_AVAILABILITY = YES_AGGRESSIVE;
				CLANG_WARN_UNREACHABLE_CODE = YES;
				CLANG_WARN__DUPLICATE_METHOD_MATCH = YES;
				CODE_SIGN_IDENTITY = "iPhone Developer";
				COPY_PHASE_STRIP = NO;
				DEBUG_INFORMATION_FORMAT = "dwarf-with-dsym";
				ENABLE_NS_ASSERTIONS = NO;
				ENABLE_STRICT_OBJC_MSGSEND = YES;
				GCC_C_LANGUAGE_STANDARD = gnu11;
				GCC_NO_COMMON_BLOCKS = YES;
				GCC_WARN_64_TO_32_BIT_CONVERSION = YES;
				GCC_WARN_ABOUT_RETURN_TYPE = YES_ERROR;
				GCC_WARN_UNDECLARED_SELECTOR = YES;
				GCC_WARN_UNINITIALIZED_AUTOS = YES_AGGRESSIVE;
				GCC_WARN_UNUSED_FUNCTION = YES;
				GCC_WARN_UNUSED_VARIABLE = YES;
				IPHONEOS_DEPLOYMENT_TARGET = 12.2;
				MTL_ENABLE_DEBUG_INFO = NO;
				MTL_FAST_MATH = YES;
				SDKROOT = iphoneos;
				SWIFT_COMPILATION_MODE = wholemodule;
				SWIFT_OPTIMIZATION_LEVEL = "-O";
				VALIDATE_PRODUCT = YES;
			};
			name = Release;
		};
		600C1B2622FE7598007C9FDC /* Debug */ = {
			isa = XCBuildConfiguration;
			baseConfigurationReference = 630B0A4B3A9E4A3D404960EA /* Pods-BoxKitExample.debug.xcconfig */;
			buildSettings = {
				ASSETCATALOG_COMPILER_APPICON_NAME = AppIcon;
				CODE_SIGN_STYLE = Automatic;
				INFOPLIST_FILE = BoxKitExample/Info.plist;
				LD_RUNPATH_SEARCH_PATHS = (
					"$(inherited)",
					"@executable_path/Frameworks",
				);
				PRODUCT_BUNDLE_IDENTIFIER = dev.utrpanic.BoxKitExample;
				PRODUCT_NAME = "$(TARGET_NAME)";
				SWIFT_VERSION = 5.0;
				TARGETED_DEVICE_FAMILY = "1,2";
			};
			name = Debug;
		};
		600C1B2722FE7598007C9FDC /* Release */ = {
			isa = XCBuildConfiguration;
			baseConfigurationReference = 9EA7CD9B7D50927379534724 /* Pods-BoxKitExample.release.xcconfig */;
			buildSettings = {
				ASSETCATALOG_COMPILER_APPICON_NAME = AppIcon;
				CODE_SIGN_STYLE = Automatic;
				INFOPLIST_FILE = BoxKitExample/Info.plist;
				LD_RUNPATH_SEARCH_PATHS = (
					"$(inherited)",
					"@executable_path/Frameworks",
				);
				PRODUCT_BUNDLE_IDENTIFIER = dev.utrpanic.BoxKitExample;
				PRODUCT_NAME = "$(TARGET_NAME)";
				SWIFT_VERSION = 5.0;
				TARGETED_DEVICE_FAMILY = "1,2";
			};
			name = Release;
		};
/* End XCBuildConfiguration section */

/* Begin XCConfigurationList section */
		600C1B0E22FE7597007C9FDC /* Build configuration list for PBXProject "BoxKitExample" */ = {
			isa = XCConfigurationList;
			buildConfigurations = (
				600C1B2322FE7598007C9FDC /* Debug */,
				600C1B2422FE7598007C9FDC /* Release */,
			);
			defaultConfigurationIsVisible = 0;
			defaultConfigurationName = Release;
		};
		600C1B2522FE7598007C9FDC /* Build configuration list for PBXNativeTarget "BoxKitExample" */ = {
			isa = XCConfigurationList;
			buildConfigurations = (
				600C1B2622FE7598007C9FDC /* Debug */,
				600C1B2722FE7598007C9FDC /* Release */,
			);
			defaultConfigurationIsVisible = 0;
			defaultConfigurationName = Release;
		};
/* End XCConfigurationList section */
	};
	rootObject = 600C1B0B22FE7597007C9FDC /* Project object */;
}
