// !$*UTF8*$!
{
	archiveVersion = 1;
	classes = {
	};
	objectVersion = 50;
	objects = {

/* Begin PBXBuildFile section */
		3EBF97604DB6731B1B1EB548 /* Pods_SwiftUISample.framework in Frameworks */ = {isa = PBXBuildFile; fileRef = 5D73717C9CB6F3733F2DCBC4 /* Pods_SwiftUISample.framework */; };
		60C52F1823D48D1500EC55F0 /* AppDelegate.swift in Sources */ = {isa = PBXBuildFile; fileRef = 60C52F1723D48D1500EC55F0 /* AppDelegate.swift */; };
		60C52F1A23D48D1500EC55F0 /* SceneDelegate.swift in Sources */ = {isa = PBXBuildFile; fileRef = 60C52F1923D48D1500EC55F0 /* SceneDelegate.swift */; };
		60C52F1D23D48D1500EC55F0 /* SwiftUISample.xcdatamodeld in Sources */ = {isa = PBXBuildFile; fileRef = 60C52F1B23D48D1500EC55F0 /* SwiftUISample.xcdatamodeld */; };
		60C52F1F23D48D1500EC55F0 /* ContentView.swift in Sources */ = {isa = PBXBuildFile; fileRef = 60C52F1E23D48D1500EC55F0 /* ContentView.swift */; };
		60C52F2123D48D1600EC55F0 /* Assets.xcassets in Resources */ = {isa = PBXBuildFile; fileRef = 60C52F2023D48D1600EC55F0 /* Assets.xcassets */; };
		60C52F2423D48D1600EC55F0 /* Preview Assets.xcassets in Resources */ = {isa = PBXBuildFile; fileRef = 60C52F2323D48D1600EC55F0 /* Preview Assets.xcassets */; };
		60C52F2723D48D1600EC55F0 /* LaunchScreen.storyboard in Resources */ = {isa = PBXBuildFile; fileRef = 60C52F2523D48D1600EC55F0 /* LaunchScreen.storyboard */; };
		60C52F3223D48D1600EC55F0 /* SwiftUISampleTests.swift in Sources */ = {isa = PBXBuildFile; fileRef = 60C52F3123D48D1600EC55F0 /* SwiftUISampleTests.swift */; };
		60C52F3D23D48D1600EC55F0 /* SwiftUISampleUITests.swift in Sources */ = {isa = PBXBuildFile; fileRef = 60C52F3C23D48D1600EC55F0 /* SwiftUISampleUITests.swift */; };
/* End PBXBuildFile section */

/* Begin PBXContainerItemProxy section */
		60C52F2E23D48D1600EC55F0 /* PBXContainerItemProxy */ = {
			isa = PBXContainerItemProxy;
			containerPortal = 60C52F0C23D48D1500EC55F0 /* Project object */;
			proxyType = 1;
			remoteGlobalIDString = 60C52F1323D48D1500EC55F0;
			remoteInfo = SwiftUISample;
		};
		60C52F3923D48D1600EC55F0 /* PBXContainerItemProxy */ = {
			isa = PBXContainerItemProxy;
			containerPortal = 60C52F0C23D48D1500EC55F0 /* Project object */;
			proxyType = 1;
			remoteGlobalIDString = 60C52F1323D48D1500EC55F0;
			remoteInfo = SwiftUISample;
		};
/* End PBXContainerItemProxy section */

/* Begin PBXFileReference section */
		13CAEDD9CA1257EAE8E4FD6F /* Pods-SwiftUISample.debug.xcconfig */ = {isa = PBXFileReference; includeInIndex = 1; lastKnownFileType = text.xcconfig; name = "Pods-SwiftUISample.debug.xcconfig"; path = "Target Support Files/Pods-SwiftUISample/Pods-SwiftUISample.debug.xcconfig"; sourceTree = "<group>"; };
		5D73717C9CB6F3733F2DCBC4 /* Pods_SwiftUISample.framework */ = {isa = PBXFileReference; explicitFileType = wrapper.framework; includeInIndex = 0; path = Pods_SwiftUISample.framework; sourceTree = BUILT_PRODUCTS_DIR; };
		60C52F1423D48D1500EC55F0 /* SwiftUISample.app */ = {isa = PBXFileReference; explicitFileType = wrapper.application; includeInIndex = 0; path = SwiftUISample.app; sourceTree = BUILT_PRODUCTS_DIR; };
		60C52F1723D48D1500EC55F0 /* AppDelegate.swift */ = {isa = PBXFileReference; lastKnownFileType = sourcecode.swift; path = AppDelegate.swift; sourceTree = "<group>"; };
		60C52F1923D48D1500EC55F0 /* SceneDelegate.swift */ = {isa = PBXFileReference; lastKnownFileType = sourcecode.swift; path = SceneDelegate.swift; sourceTree = "<group>"; };
		60C52F1C23D48D1500EC55F0 /* SwiftUISample.xcdatamodel */ = {isa = PBXFileReference; lastKnownFileType = wrapper.xcdatamodel; path = SwiftUISample.xcdatamodel; sourceTree = "<group>"; };
		60C52F1E23D48D1500EC55F0 /* ContentView.swift */ = {isa = PBXFileReference; lastKnownFileType = sourcecode.swift; path = ContentView.swift; sourceTree = "<group>"; };
		60C52F2023D48D1600EC55F0 /* Assets.xcassets */ = {isa = PBXFileReference; lastKnownFileType = folder.assetcatalog; path = Assets.xcassets; sourceTree = "<group>"; };
		60C52F2323D48D1600EC55F0 /* Preview Assets.xcassets */ = {isa = PBXFileReference; lastKnownFileType = folder.assetcatalog; path = "Preview Assets.xcassets"; sourceTree = "<group>"; };
		60C52F2623D48D1600EC55F0 /* Base */ = {isa = PBXFileReference; lastKnownFileType = file.storyboard; name = Base; path = Base.lproj/LaunchScreen.storyboard; sourceTree = "<group>"; };
		60C52F2823D48D1600EC55F0 /* Info.plist */ = {isa = PBXFileReference; lastKnownFileType = text.plist.xml; path = Info.plist; sourceTree = "<group>"; };
		60C52F2D23D48D1600EC55F0 /* SwiftUISampleTests.xctest */ = {isa = PBXFileReference; explicitFileType = wrapper.cfbundle; includeInIndex = 0; path = SwiftUISampleTests.xctest; sourceTree = BUILT_PRODUCTS_DIR; };
		60C52F3123D48D1600EC55F0 /* SwiftUISampleTests.swift */ = {isa = PBXFileReference; lastKnownFileType = sourcecode.swift; path = SwiftUISampleTests.swift; sourceTree = "<group>"; };
		60C52F3323D48D1600EC55F0 /* Info.plist */ = {isa = PBXFileReference; lastKnownFileType = text.plist.xml; path = Info.plist; sourceTree = "<group>"; };
		60C52F3823D48D1600EC55F0 /* SwiftUISampleUITests.xctest */ = {isa = PBXFileReference; explicitFileType = wrapper.cfbundle; includeInIndex = 0; path = SwiftUISampleUITests.xctest; sourceTree = BUILT_PRODUCTS_DIR; };
		60C52F3C23D48D1600EC55F0 /* SwiftUISampleUITests.swift */ = {isa = PBXFileReference; lastKnownFileType = sourcecode.swift; path = SwiftUISampleUITests.swift; sourceTree = "<group>"; };
		60C52F3E23D48D1600EC55F0 /* Info.plist */ = {isa = PBXFileReference; lastKnownFileType = text.plist.xml; path = Info.plist; sourceTree = "<group>"; };
		60C52F8B23D491F700EC55F0 /* SwiftUISample.entitlements */ = {isa = PBXFileReference; lastKnownFileType = text.plist.entitlements; path = SwiftUISample.entitlements; sourceTree = "<group>"; };
		A4A9D47E197952720BEAC7A2 /* Pods-SwiftUISample.release.xcconfig */ = {isa = PBXFileReference; includeInIndex = 1; lastKnownFileType = text.xcconfig; name = "Pods-SwiftUISample.release.xcconfig"; path = "Target Support Files/Pods-SwiftUISample/Pods-SwiftUISample.release.xcconfig"; sourceTree = "<group>"; };
/* End PBXFileReference section */

/* Begin PBXFrameworksBuildPhase section */
		60C52F1123D48D1500EC55F0 /* Frameworks */ = {
			isa = PBXFrameworksBuildPhase;
			buildActionMask = 2147483647;
			files = (
				3EBF97604DB6731B1B1EB548 /* Pods_SwiftUISample.framework in Frameworks */,
			);
			runOnlyForDeploymentPostprocessing = 0;
		};
		60C52F2A23D48D1600EC55F0 /* Frameworks */ = {
			isa = PBXFrameworksBuildPhase;
			buildActionMask = 2147483647;
			files = (
			);
			runOnlyForDeploymentPostprocessing = 0;
		};
		60C52F3523D48D1600EC55F0 /* Frameworks */ = {
			isa = PBXFrameworksBuildPhase;
			buildActionMask = 2147483647;
			files = (
			);
			runOnlyForDeploymentPostprocessing = 0;
		};
/* End PBXFrameworksBuildPhase section */

/* Begin PBXGroup section */
		60C52F0B23D48D1500EC55F0 = {
			isa = PBXGroup;
			children = (
				60C52F1623D48D1500EC55F0 /* SwiftUISample */,
				60C52F3023D48D1600EC55F0 /* SwiftUISampleTests */,
				60C52F3B23D48D1600EC55F0 /* SwiftUISampleUITests */,
				60C52F1523D48D1500EC55F0 /* Products */,
				7074E2B238925AF4B26DE6C0 /* Pods */,
				E73DAAE5845BC2C64FCD9956 /* Frameworks */,
			);
			sourceTree = "<group>";
		};
		60C52F1523D48D1500EC55F0 /* Products */ = {
			isa = PBXGroup;
			children = (
				60C52F1423D48D1500EC55F0 /* SwiftUISample.app */,
				60C52F2D23D48D1600EC55F0 /* SwiftUISampleTests.xctest */,
				60C52F3823D48D1600EC55F0 /* SwiftUISampleUITests.xctest */,
			);
			name = Products;
			sourceTree = "<group>";
		};
		60C52F1623D48D1500EC55F0 /* SwiftUISample */ = {
			isa = PBXGroup;
			children = (
				60C52F8B23D491F700EC55F0 /* SwiftUISample.entitlements */,
				60C52F1723D48D1500EC55F0 /* AppDelegate.swift */,
				60C52F1923D48D1500EC55F0 /* SceneDelegate.swift */,
				60C52F1E23D48D1500EC55F0 /* ContentView.swift */,
				60C52F2023D48D1600EC55F0 /* Assets.xcassets */,
				60C52F2523D48D1600EC55F0 /* LaunchScreen.storyboard */,
				60C52F2823D48D1600EC55F0 /* Info.plist */,
				60C52F1B23D48D1500EC55F0 /* SwiftUISample.xcdatamodeld */,
				60C52F2223D48D1600EC55F0 /* Preview Content */,
			);
			path = SwiftUISample;
			sourceTree = "<group>";
		};
		60C52F2223D48D1600EC55F0 /* Preview Content */ = {
			isa = PBXGroup;
			children = (
				60C52F2323D48D1600EC55F0 /* Preview Assets.xcassets */,
			);
			path = "Preview Content";
			sourceTree = "<group>";
		};
		60C52F3023D48D1600EC55F0 /* SwiftUISampleTests */ = {
			isa = PBXGroup;
			children = (
				60C52F3123D48D1600EC55F0 /* SwiftUISampleTests.swift */,
				60C52F3323D48D1600EC55F0 /* Info.plist */,
			);
			path = SwiftUISampleTests;
			sourceTree = "<group>";
		};
		60C52F3B23D48D1600EC55F0 /* SwiftUISampleUITests */ = {
			isa = PBXGroup;
			children = (
				60C52F3C23D48D1600EC55F0 /* SwiftUISampleUITests.swift */,
				60C52F3E23D48D1600EC55F0 /* Info.plist */,
			);
			path = SwiftUISampleUITests;
			sourceTree = "<group>";
		};
		7074E2B238925AF4B26DE6C0 /* Pods */ = {
			isa = PBXGroup;
			children = (
				13CAEDD9CA1257EAE8E4FD6F /* Pods-SwiftUISample.debug.xcconfig */,
				A4A9D47E197952720BEAC7A2 /* Pods-SwiftUISample.release.xcconfig */,
			);
			path = Pods;
			sourceTree = "<group>";
		};
		E73DAAE5845BC2C64FCD9956 /* Frameworks */ = {
			isa = PBXGroup;
			children = (
				5D73717C9CB6F3733F2DCBC4 /* Pods_SwiftUISample.framework */,
			);
			name = Frameworks;
			sourceTree = "<group>";
		};
/* End PBXGroup section */

/* Begin PBXNativeTarget section */
		60C52F1323D48D1500EC55F0 /* SwiftUISample */ = {
			isa = PBXNativeTarget;
			buildConfigurationList = 60C52F4123D48D1600EC55F0 /* Build configuration list for PBXNativeTarget "SwiftUISample" */;
			buildPhases = (
				0D8CCB83A12D899E6E8E6A13 /* [CP] Check Pods Manifest.lock */,
				60C52F1023D48D1500EC55F0 /* Sources */,
				60C52F1123D48D1500EC55F0 /* Frameworks */,
				60C52F1223D48D1500EC55F0 /* Resources */,
			);
			buildRules = (
			);
			dependencies = (
			);
			name = SwiftUISample;
			productName = SwiftUISample;
			productReference = 60C52F1423D48D1500EC55F0 /* SwiftUISample.app */;
			productType = "com.apple.product-type.application";
		};
		60C52F2C23D48D1600EC55F0 /* SwiftUISampleTests */ = {
			isa = PBXNativeTarget;
			buildConfigurationList = 60C52F4423D48D1600EC55F0 /* Build configuration list for PBXNativeTarget "SwiftUISampleTests" */;
			buildPhases = (
				60C52F2923D48D1600EC55F0 /* Sources */,
				60C52F2A23D48D1600EC55F0 /* Frameworks */,
				60C52F2B23D48D1600EC55F0 /* Resources */,
			);
			buildRules = (
			);
			dependencies = (
				60C52F2F23D48D1600EC55F0 /* PBXTargetDependency */,
			);
			name = SwiftUISampleTests;
			productName = SwiftUISampleTests;
			productReference = 60C52F2D23D48D1600EC55F0 /* SwiftUISampleTests.xctest */;
			productType = "com.apple.product-type.bundle.unit-test";
		};
		60C52F3723D48D1600EC55F0 /* SwiftUISampleUITests */ = {
			isa = PBXNativeTarget;
			buildConfigurationList = 60C52F4723D48D1600EC55F0 /* Build configuration list for PBXNativeTarget "SwiftUISampleUITests" */;
			buildPhases = (
				60C52F3423D48D1600EC55F0 /* Sources */,
				60C52F3523D48D1600EC55F0 /* Frameworks */,
				60C52F3623D48D1600EC55F0 /* Resources */,
			);
			buildRules = (
			);
			dependencies = (
				60C52F3A23D48D1600EC55F0 /* PBXTargetDependency */,
			);
			name = SwiftUISampleUITests;
			productName = SwiftUISampleUITests;
			productReference = 60C52F3823D48D1600EC55F0 /* SwiftUISampleUITests.xctest */;
			productType = "com.apple.product-type.bundle.ui-testing";
		};
/* End PBXNativeTarget section */

/* Begin PBXProject section */
		60C52F0C23D48D1500EC55F0 /* Project object */ = {
			isa = PBXProject;
			attributes = {
				LastSwiftUpdateCheck = 1130;
				LastUpgradeCheck = 1130;
				ORGANIZATIONNAME = utrpanic;
				TargetAttributes = {
					60C52F1323D48D1500EC55F0 = {
						CreatedOnToolsVersion = 11.3.1;
					};
					60C52F2C23D48D1600EC55F0 = {
						CreatedOnToolsVersion = 11.3.1;
						TestTargetID = 60C52F1323D48D1500EC55F0;
					};
					60C52F3723D48D1600EC55F0 = {
						CreatedOnToolsVersion = 11.3.1;
						TestTargetID = 60C52F1323D48D1500EC55F0;
					};
				};
			};
			buildConfigurationList = 60C52F0F23D48D1500EC55F0 /* Build configuration list for PBXProject "SwiftUISample" */;
			compatibilityVersion = "Xcode 9.3";
			developmentRegion = en;
			hasScannedForEncodings = 0;
			knownRegions = (
				en,
				Base,
			);
			mainGroup = 60C52F0B23D48D1500EC55F0;
			productRefGroup = 60C52F1523D48D1500EC55F0 /* Products */;
			projectDirPath = "";
			projectRoot = "";
			targets = (
				60C52F1323D48D1500EC55F0 /* SwiftUISample */,
				60C52F2C23D48D1600EC55F0 /* SwiftUISampleTests */,
				60C52F3723D48D1600EC55F0 /* SwiftUISampleUITests */,
			);
		};
/* End PBXProject section */

/* Begin PBXResourcesBuildPhase section */
		60C52F1223D48D1500EC55F0 /* Resources */ = {
			isa = PBXResourcesBuildPhase;
			buildActionMask = 2147483647;
			files = (
				60C52F2723D48D1600EC55F0 /* LaunchScreen.storyboard in Resources */,
				60C52F2423D48D1600EC55F0 /* Preview Assets.xcassets in Resources */,
				60C52F2123D48D1600EC55F0 /* Assets.xcassets in Resources */,
			);
			runOnlyForDeploymentPostprocessing = 0;
		};
		60C52F2B23D48D1600EC55F0 /* Resources */ = {
			isa = PBXResourcesBuildPhase;
			buildActionMask = 2147483647;
			files = (
			);
			runOnlyForDeploymentPostprocessing = 0;
		};
		60C52F3623D48D1600EC55F0 /* Resources */ = {
			isa = PBXResourcesBuildPhase;
			buildActionMask = 2147483647;
			files = (
			);
			runOnlyForDeploymentPostprocessing = 0;
		};
/* End PBXResourcesBuildPhase section */

/* Begin PBXShellScriptBuildPhase section */
		0D8CCB83A12D899E6E8E6A13 /* [CP] Check Pods Manifest.lock */ = {
			isa = PBXShellScriptBuildPhase;
			buildActionMask = 2147483647;
			files = (
			);
			inputFileListPaths = (
			);
			inputPaths = (
				"${PODS_PODFILE_DIR_PATH}/Podfile.lock",
				"${PODS_ROOT}/Manifest.lock",
			);
			name = "[CP] Check Pods Manifest.lock";
			outputFileListPaths = (
			);
			outputPaths = (
				"$(DERIVED_FILE_DIR)/Pods-SwiftUISample-checkManifestLockResult.txt",
			);
			runOnlyForDeploymentPostprocessing = 0;
			shellPath = /bin/sh;
			shellScript = "diff \"${PODS_PODFILE_DIR_PATH}/Podfile.lock\" \"${PODS_ROOT}/Manifest.lock\" > /dev/null\nif [ $? != 0 ] ; then\n    # print error to STDERR\n    echo \"error: The sandbox is not in sync with the Podfile.lock. Run 'pod install' or update your CocoaPods installation.\" >&2\n    exit 1\nfi\n# This output is used by Xcode 'outputs' to avoid re-running this script phase.\necho \"SUCCESS\" > \"${SCRIPT_OUTPUT_FILE_0}\"\n";
			showEnvVarsInLog = 0;
		};
/* End PBXShellScriptBuildPhase section */

/* Begin PBXSourcesBuildPhase section */
		60C52F1023D48D1500EC55F0 /* Sources */ = {
			isa = PBXSourcesBuildPhase;
			buildActionMask = 2147483647;
			files = (
				60C52F1823D48D1500EC55F0 /* AppDelegate.swift in Sources */,
				60C52F1A23D48D1500EC55F0 /* SceneDelegate.swift in Sources */,
				60C52F1F23D48D1500EC55F0 /* ContentView.swift in Sources */,
				60C52F1D23D48D1500EC55F0 /* SwiftUISample.xcdatamodeld in Sources */,
			);
			runOnlyForDeploymentPostprocessing = 0;
		};
		60C52F2923D48D1600EC55F0 /* Sources */ = {
			isa = PBXSourcesBuildPhase;
			buildActionMask = 2147483647;
			files = (
				60C52F3223D48D1600EC55F0 /* SwiftUISampleTests.swift in Sources */,
			);
			runOnlyForDeploymentPostprocessing = 0;
		};
		60C52F3423D48D1600EC55F0 /* Sources */ = {
			isa = PBXSourcesBuildPhase;
			buildActionMask = 2147483647;
			files = (
				60C52F3D23D48D1600EC55F0 /* SwiftUISampleUITests.swift in Sources */,
			);
			runOnlyForDeploymentPostprocessing = 0;
		};
/* End PBXSourcesBuildPhase section */

/* Begin PBXTargetDependency section */
		60C52F2F23D48D1600EC55F0 /* PBXTargetDependency */ = {
			isa = PBXTargetDependency;
			target = 60C52F1323D48D1500EC55F0 /* SwiftUISample */;
			targetProxy = 60C52F2E23D48D1600EC55F0 /* PBXContainerItemProxy */;
		};
		60C52F3A23D48D1600EC55F0 /* PBXTargetDependency */ = {
			isa = PBXTargetDependency;
			target = 60C52F1323D48D1500EC55F0 /* SwiftUISample */;
			targetProxy = 60C52F3923D48D1600EC55F0 /* PBXContainerItemProxy */;
		};
/* End PBXTargetDependency section */

/* Begin PBXVariantGroup section */
		60C52F2523D48D1600EC55F0 /* LaunchScreen.storyboard */ = {
			isa = PBXVariantGroup;
			children = (
				60C52F2623D48D1600EC55F0 /* Base */,
			);
			name = LaunchScreen.storyboard;
			sourceTree = "<group>";
		};
/* End PBXVariantGroup section */

/* Begin XCBuildConfiguration section */
		60C52F3F23D48D1600EC55F0 /* Debug */ = {
			isa = XCBuildConfiguration;
			buildSettings = {
				ALWAYS_SEARCH_USER_PATHS = NO;
				CLANG_ANALYZER_NONNULL = YES;
				CLANG_ANALYZER_NUMBER_OBJECT_CONVERSION = YES_AGGRESSIVE;
				CLANG_CXX_LANGUAGE_STANDARD = "gnu++14";
				CLANG_CXX_LIBRARY = "libc++";
				CLANG_ENABLE_MODULES = YES;
				CLANG_ENABLE_OBJC_ARC = YES;
				CLANG_ENABLE_OBJC_WEAK = YES;
				CLANG_WARN_BLOCK_CAPTURE_AUTORELEASING = YES;
				CLANG_WARN_BOOL_CONVERSION = YES;
				CLANG_WARN_COMMA = YES;
				CLANG_WARN_CONSTANT_CONVERSION = YES;
				CLANG_WARN_DEPRECATED_OBJC_IMPLEMENTATIONS = YES;
				CLANG_WARN_DIRECT_OBJC_ISA_USAGE = YES_ERROR;
				CLANG_WARN_DOCUMENTATION_COMMENTS = YES;
				CLANG_WARN_EMPTY_BODY = YES;
				CLANG_WARN_ENUM_CONVERSION = YES;
				CLANG_WARN_INFINITE_RECURSION = YES;
				CLANG_WARN_INT_CONVERSION = YES;
				CLANG_WARN_NON_LITERAL_NULL_CONVERSION = YES;
				CLANG_WARN_OBJC_IMPLICIT_RETAIN_SELF = YES;
				CLANG_WARN_OBJC_LITERAL_CONVERSION = YES;
				CLANG_WARN_OBJC_ROOT_CLASS = YES_ERROR;
				CLANG_WARN_RANGE_LOOP_ANALYSIS = YES;
				CLANG_WARN_STRICT_PROTOTYPES = YES;
				CLANG_WARN_SUSPICIOUS_MOVE = YES;
				CLANG_WARN_UNGUARDED_AVAILABILITY = YES_AGGRESSIVE;
				CLANG_WARN_UNREACHABLE_CODE = YES;
				CLANG_WARN__DUPLICATE_METHOD_MATCH = YES;
				COPY_PHASE_STRIP = NO;
				DEBUG_INFORMATION_FORMAT = dwarf;
				ENABLE_STRICT_OBJC_MSGSEND = YES;
				ENABLE_TESTABILITY = YES;
				GCC_C_LANGUAGE_STANDARD = gnu11;
				GCC_DYNAMIC_NO_PIC = NO;
				GCC_NO_COMMON_BLOCKS = YES;
				GCC_OPTIMIZATION_LEVEL = 0;
				GCC_PREPROCESSOR_DEFINITIONS = (
					"DEBUG=1",
					"$(inherited)",
				);
				GCC_WARN_64_TO_32_BIT_CONVERSION = YES;
				GCC_WARN_ABOUT_RETURN_TYPE = YES_ERROR;
				GCC_WARN_UNDECLARED_SELECTOR = YES;
				GCC_WARN_UNINITIALIZED_AUTOS = YES_AGGRESSIVE;
				GCC_WARN_UNUSED_FUNCTION = YES;
				GCC_WARN_UNUSED_VARIABLE = YES;
				IPHONEOS_DEPLOYMENT_TARGET = 13.2;
				MTL_ENABLE_DEBUG_INFO = INCLUDE_SOURCE;
				MTL_FAST_MATH = YES;
				ONLY_ACTIVE_ARCH = YES;
				SDKROOT = iphoneos;
				SWIFT_ACTIVE_COMPILATION_CONDITIONS = DEBUG;
				SWIFT_OPTIMIZATION_LEVEL = "-Onone";
			};
			name = Debug;
		};
		60C52F4023D48D1600EC55F0 /* Release */ = {
			isa = XCBuildConfiguration;
			buildSettings = {
				ALWAYS_SEARCH_USER_PATHS = NO;
				CLANG_ANALYZER_NONNULL = YES;
				CLANG_ANALYZER_NUMBER_OBJECT_CONVERSION = YES_AGGRESSIVE;
				CLANG_CXX_LANGUAGE_STANDARD = "gnu++14";
				CLANG_CXX_LIBRARY = "libc++";
				CLANG_ENABLE_MODULES = YES;
				CLANG_ENABLE_OBJC_ARC = YES;
				CLANG_ENABLE_OBJC_WEAK = YES;
				CLANG_WARN_BLOCK_CAPTURE_AUTORELEASING = YES;
				CLANG_WARN_BOOL_CONVERSION = YES;
				CLANG_WARN_COMMA = YES;
				CLANG_WARN_CONSTANT_CONVERSION = YES;
				CLANG_WARN_DEPRECATED_OBJC_IMPLEMENTATIONS = YES;
				CLANG_WARN_DIRECT_OBJC_ISA_USAGE = YES_ERROR;
				CLANG_WARN_DOCUMENTATION_COMMENTS = YES;
				CLANG_WARN_EMPTY_BODY = YES;
				CLANG_WARN_ENUM_CONVERSION = YES;
				CLANG_WARN_INFINITE_RECURSION = YES;
				CLANG_WARN_INT_CONVERSION = YES;
				CLANG_WARN_NON_LITERAL_NULL_CONVERSION = YES;
				CLANG_WARN_OBJC_IMPLICIT_RETAIN_SELF = YES;
				CLANG_WARN_OBJC_LITERAL_CONVERSION = YES;
				CLANG_WARN_OBJC_ROOT_CLASS = YES_ERROR;
				CLANG_WARN_RANGE_LOOP_ANALYSIS = YES;
				CLANG_WARN_STRICT_PROTOTYPES = YES;
				CLANG_WARN_SUSPICIOUS_MOVE = YES;
				CLANG_WARN_UNGUARDED_AVAILABILITY = YES_AGGRESSIVE;
				CLANG_WARN_UNREACHABLE_CODE = YES;
				CLANG_WARN__DUPLICATE_METHOD_MATCH = YES;
				COPY_PHASE_STRIP = NO;
				DEBUG_INFORMATION_FORMAT = "dwarf-with-dsym";
				ENABLE_NS_ASSERTIONS = NO;
				ENABLE_STRICT_OBJC_MSGSEND = YES;
				GCC_C_LANGUAGE_STANDARD = gnu11;
				GCC_NO_COMMON_BLOCKS = YES;
				GCC_WARN_64_TO_32_BIT_CONVERSION = YES;
				GCC_WARN_ABOUT_RETURN_TYPE = YES_ERROR;
				GCC_WARN_UNDECLARED_SELECTOR = YES;
				GCC_WARN_UNINITIALIZED_AUTOS = YES_AGGRESSIVE;
				GCC_WARN_UNUSED_FUNCTION = YES;
				GCC_WARN_UNUSED_VARIABLE = YES;
				IPHONEOS_DEPLOYMENT_TARGET = 13.2;
				MTL_ENABLE_DEBUG_INFO = NO;
				MTL_FAST_MATH = YES;
				SDKROOT = iphoneos;
				SWIFT_COMPILATION_MODE = wholemodule;
				SWIFT_OPTIMIZATION_LEVEL = "-O";
				VALIDATE_PRODUCT = YES;
			};
			name = Release;
		};
		60C52F4223D48D1600EC55F0 /* Debug */ = {
			isa = XCBuildConfiguration;
			baseConfigurationReference = 13CAEDD9CA1257EAE8E4FD6F /* Pods-SwiftUISample.debug.xcconfig */;
			buildSettings = {
				ASSETCATALOG_COMPILER_APPICON_NAME = AppIcon;
				CODE_SIGN_ENTITLEMENTS = SwiftUISample/SwiftUISample.entitlements;
				"CODE_SIGN_IDENTITY[sdk=macosx*]" = "-";
				CODE_SIGN_STYLE = Automatic;
				DERIVE_MACCATALYST_PRODUCT_BUNDLE_IDENTIFIER = YES;
				DEVELOPMENT_ASSET_PATHS = "\"SwiftUISample/Preview Content\"";
				ENABLE_PREVIEWS = YES;
				INFOPLIST_FILE = SwiftUISample/Info.plist;
				LD_RUNPATH_SEARCH_PATHS = (
					"$(inherited)",
					"@executable_path/Frameworks",
				);
				PRODUCT_BUNDLE_IDENTIFIER = dev.utrpanic.SwiftUISample;
				PRODUCT_NAME = "$(TARGET_NAME)";
				SUPPORTS_MACCATALYST = YES;
				SWIFT_VERSION = 5.0;
				TARGETED_DEVICE_FAMILY = "1,2";
			};
			name = Debug;
		};
		60C52F4323D48D1600EC55F0 /* Release */ = {
			isa = XCBuildConfiguration;
			baseConfigurationReference = A4A9D47E197952720BEAC7A2 /* Pods-SwiftUISample.release.xcconfig */;
			buildSettings = {
				ASSETCATALOG_COMPILER_APPICON_NAME = AppIcon;
				CODE_SIGN_ENTITLEMENTS = SwiftUISample/SwiftUISample.entitlements;
				"CODE_SIGN_IDENTITY[sdk=macosx*]" = "-";
				CODE_SIGN_STYLE = Automatic;
				DERIVE_MACCATALYST_PRODUCT_BUNDLE_IDENTIFIER = YES;
				DEVELOPMENT_ASSET_PATHS = "\"SwiftUISample/Preview Content\"";
				ENABLE_PREVIEWS = YES;
				INFOPLIST_FILE = SwiftUISample/Info.plist;
				LD_RUNPATH_SEARCH_PATHS = (
					"$(inherited)",
					"@executable_path/Frameworks",
				);
				PRODUCT_BUNDLE_IDENTIFIER = dev.utrpanic.SwiftUISample;
				PRODUCT_NAME = "$(TARGET_NAME)";
				SUPPORTS_MACCATALYST = YES;
				SWIFT_VERSION = 5.0;
				TARGETED_DEVICE_FAMILY = "1,2";
			};
			name = Release;
		};
		60C52F4523D48D1600EC55F0 /* Debug */ = {
			isa = XCBuildConfiguration;
			buildSettings = {
				ALWAYS_EMBED_SWIFT_STANDARD_LIBRARIES = YES;
				BUNDLE_LOADER = "$(TEST_HOST)";
				CODE_SIGN_STYLE = Automatic;
				INFOPLIST_FILE = SwiftUISampleTests/Info.plist;
				IPHONEOS_DEPLOYMENT_TARGET = 13.2;
				LD_RUNPATH_SEARCH_PATHS = (
					"$(inherited)",
					"@executable_path/Frameworks",
					"@loader_path/Frameworks",
				);
				PRODUCT_BUNDLE_IDENTIFIER = dev.utrpanic.SwiftUISampleTests;
				PRODUCT_NAME = "$(TARGET_NAME)";
				SWIFT_VERSION = 5.0;
				TARGETED_DEVICE_FAMILY = "1,2";
				TEST_HOST = "$(BUILT_PRODUCTS_DIR)/SwiftUISample.app/SwiftUISample";
			};
			name = Debug;
		};
		60C52F4623D48D1600EC55F0 /* Release */ = {
			isa = XCBuildConfiguration;
			buildSettings = {
				ALWAYS_EMBED_SWIFT_STANDARD_LIBRARIES = YES;
				BUNDLE_LOADER = "$(TEST_HOST)";
				CODE_SIGN_STYLE = Automatic;
				INFOPLIST_FILE = SwiftUISampleTests/Info.plist;
				IPHONEOS_DEPLOYMENT_TARGET = 13.2;
				LD_RUNPATH_SEARCH_PATHS = (
					"$(inherited)",
					"@executable_path/Frameworks",
					"@loader_path/Frameworks",
				);
				PRODUCT_BUNDLE_IDENTIFIER = dev.utrpanic.SwiftUISampleTests;
				PRODUCT_NAME = "$(TARGET_NAME)";
				SWIFT_VERSION = 5.0;
				TARGETED_DEVICE_FAMILY = "1,2";
				TEST_HOST = "$(BUILT_PRODUCTS_DIR)/SwiftUISample.app/SwiftUISample";
			};
			name = Release;
		};
		60C52F4823D48D1600EC55F0 /* Debug */ = {
			isa = XCBuildConfiguration;
			buildSettings = {
				ALWAYS_EMBED_SWIFT_STANDARD_LIBRARIES = YES;
				CODE_SIGN_STYLE = Automatic;
				INFOPLIST_FILE = SwiftUISampleUITests/Info.plist;
				LD_RUNPATH_SEARCH_PATHS = (
					"$(inherited)",
					"@executable_path/Frameworks",
					"@loader_path/Frameworks",
				);
				PRODUCT_BUNDLE_IDENTIFIER = dev.utrpanic.SwiftUISampleUITests;
				PRODUCT_NAME = "$(TARGET_NAME)";
				SWIFT_VERSION = 5.0;
				TARGETED_DEVICE_FAMILY = "1,2";
				TEST_TARGET_NAME = SwiftUISample;
			};
			name = Debug;
		};
		60C52F4923D48D1600EC55F0 /* Release */ = {
			isa = XCBuildConfiguration;
			buildSettings = {
				ALWAYS_EMBED_SWIFT_STANDARD_LIBRARIES = YES;
				CODE_SIGN_STYLE = Automatic;
				INFOPLIST_FILE = SwiftUISampleUITests/Info.plist;
				LD_RUNPATH_SEARCH_PATHS = (
					"$(inherited)",
					"@executable_path/Frameworks",
					"@loader_path/Frameworks",
				);
				PRODUCT_BUNDLE_IDENTIFIER = dev.utrpanic.SwiftUISampleUITests;
				PRODUCT_NAME = "$(TARGET_NAME)";
				SWIFT_VERSION = 5.0;
				TARGETED_DEVICE_FAMILY = "1,2";
				TEST_TARGET_NAME = SwiftUISample;
			};
			name = Release;
		};
/* End XCBuildConfiguration section */

/* Begin XCConfigurationList section */
		60C52F0F23D48D1500EC55F0 /* Build configuration list for PBXProject "SwiftUISample" */ = {
			isa = XCConfigurationList;
			buildConfigurations = (
				60C52F3F23D48D1600EC55F0 /* Debug */,
				60C52F4023D48D1600EC55F0 /* Release */,
			);
			defaultConfigurationIsVisible = 0;
			defaultConfigurationName = Release;
		};
		60C52F4123D48D1600EC55F0 /* Build configuration list for PBXNativeTarget "SwiftUISample" */ = {
			isa = XCConfigurationList;
			buildConfigurations = (
				60C52F4223D48D1600EC55F0 /* Debug */,
				60C52F4323D48D1600EC55F0 /* Release */,
			);
			defaultConfigurationIsVisible = 0;
			defaultConfigurationName = Release;
		};
		60C52F4423D48D1600EC55F0 /* Build configuration list for PBXNativeTarget "SwiftUISampleTests" */ = {
			isa = XCConfigurationList;
			buildConfigurations = (
				60C52F4523D48D1600EC55F0 /* Debug */,
				60C52F4623D48D1600EC55F0 /* Release */,
			);
			defaultConfigurationIsVisible = 0;
			defaultConfigurationName = Release;
		};
		60C52F4723D48D1600EC55F0 /* Build configuration list for PBXNativeTarget "SwiftUISampleUITests" */ = {
			isa = XCConfigurationList;
			buildConfigurations = (
				60C52F4823D48D1600EC55F0 /* Debug */,
				60C52F4923D48D1600EC55F0 /* Release */,
			);
			defaultConfigurationIsVisible = 0;
			defaultConfigurationName = Release;
		};
/* End XCConfigurationList section */

/* Begin XCVersionGroup section */
		60C52F1B23D48D1500EC55F0 /* SwiftUISample.xcdatamodeld */ = {
			isa = XCVersionGroup;
			children = (
				60C52F1C23D48D1500EC55F0 /* SwiftUISample.xcdatamodel */,
			);
			currentVersion = 60C52F1C23D48D1500EC55F0 /* SwiftUISample.xcdatamodel */;
			path = SwiftUISample.xcdatamodeld;
			sourceTree = "<group>";
			versionGroupType = wrapper.xcdatamodel;
		};
/* End XCVersionGroup section */
	};
	rootObject = 60C52F0C23D48D1500EC55F0 /* Project object */;
}
