// !$*UTF8*$!
{
	archiveVersion = 1;
	classes = {
	};
	objectVersion = 50;
	objects = {

/* Begin PBXBuildFile section */
		60C52F5723D48FDB00EC55F0 /* AppDelegate.swift in Sources */ = {isa = PBXBuildFile; fileRef = 60C52F5623D48FDB00EC55F0 /* AppDelegate.swift */; };
		60C52F5A23D48FDB00EC55F0 /* UIKitSample.xcdatamodeld in Sources */ = {isa = PBXBuildFile; fileRef = 60C52F5823D48FDB00EC55F0 /* UIKitSample.xcdatamodeld */; };
		60C52F5C23D48FDB00EC55F0 /* SceneDelegate.swift in Sources */ = {isa = PBXBuildFile; fileRef = 60C52F5B23D48FDB00EC55F0 /* SceneDelegate.swift */; };
		60C52F5E23D48FDB00EC55F0 /* MasterViewController.swift in Sources */ = {isa = PBXBuildFile; fileRef = 60C52F5D23D48FDB00EC55F0 /* MasterViewController.swift */; };
		60C52F6023D48FDB00EC55F0 /* DetailViewController.swift in Sources */ = {isa = PBXBuildFile; fileRef = 60C52F5F23D48FDB00EC55F0 /* DetailViewController.swift */; };
		60C52F6323D48FDB00EC55F0 /* Main.storyboard in Resources */ = {isa = PBXBuildFile; fileRef = 60C52F6123D48FDB00EC55F0 /* Main.storyboard */; };
		60C52F6523D48FDC00EC55F0 /* Assets.xcassets in Resources */ = {isa = PBXBuildFile; fileRef = 60C52F6423D48FDC00EC55F0 /* Assets.xcassets */; };
		60C52F6823D48FDC00EC55F0 /* LaunchScreen.storyboard in Resources */ = {isa = PBXBuildFile; fileRef = 60C52F6623D48FDC00EC55F0 /* LaunchScreen.storyboard */; };
		60C52F7323D48FDC00EC55F0 /* UIKitSampleTests.swift in Sources */ = {isa = PBXBuildFile; fileRef = 60C52F7223D48FDC00EC55F0 /* UIKitSampleTests.swift */; };
		60C52F7E23D48FDC00EC55F0 /* UIKitSampleUITests.swift in Sources */ = {isa = PBXBuildFile; fileRef = 60C52F7D23D48FDC00EC55F0 /* UIKitSampleUITests.swift */; };
		CE999B09A6939E5EE82921D0 /* Pods_UIKitSample.framework in Frameworks */ = {isa = PBXBuildFile; fileRef = E37D0B200C6F9F92AB4DF350 /* Pods_UIKitSample.framework */; };
/* End PBXBuildFile section */

/* Begin PBXContainerItemProxy section */
		60C52F6F23D48FDC00EC55F0 /* PBXContainerItemProxy */ = {
			isa = PBXContainerItemProxy;
			containerPortal = 60C52F4B23D48FDB00EC55F0 /* Project object */;
			proxyType = 1;
			remoteGlobalIDString = 60C52F5223D48FDB00EC55F0;
			remoteInfo = UIKitSample;
		};
		60C52F7A23D48FDC00EC55F0 /* PBXContainerItemProxy */ = {
			isa = PBXContainerItemProxy;
			containerPortal = 60C52F4B23D48FDB00EC55F0 /* Project object */;
			proxyType = 1;
			remoteGlobalIDString = 60C52F5223D48FDB00EC55F0;
			remoteInfo = UIKitSample;
		};
/* End PBXContainerItemProxy section */

/* Begin PBXFileReference section */
		60C52F5323D48FDB00EC55F0 /* UIKitSample.app */ = {isa = PBXFileReference; explicitFileType = wrapper.application; includeInIndex = 0; path = UIKitSample.app; sourceTree = BUILT_PRODUCTS_DIR; };
		60C52F5623D48FDB00EC55F0 /* AppDelegate.swift */ = {isa = PBXFileReference; lastKnownFileType = sourcecode.swift; path = AppDelegate.swift; sourceTree = "<group>"; };
		60C52F5923D48FDB00EC55F0 /* UIKitSample.xcdatamodel */ = {isa = PBXFileReference; lastKnownFileType = wrapper.xcdatamodel; path = UIKitSample.xcdatamodel; sourceTree = "<group>"; };
		60C52F5B23D48FDB00EC55F0 /* SceneDelegate.swift */ = {isa = PBXFileReference; lastKnownFileType = sourcecode.swift; path = SceneDelegate.swift; sourceTree = "<group>"; };
		60C52F5D23D48FDB00EC55F0 /* MasterViewController.swift */ = {isa = PBXFileReference; lastKnownFileType = sourcecode.swift; path = MasterViewController.swift; sourceTree = "<group>"; };
		60C52F5F23D48FDB00EC55F0 /* DetailViewController.swift */ = {isa = PBXFileReference; lastKnownFileType = sourcecode.swift; path = DetailViewController.swift; sourceTree = "<group>"; };
		60C52F6223D48FDB00EC55F0 /* Base */ = {isa = PBXFileReference; lastKnownFileType = file.storyboard; name = Base; path = Base.lproj/Main.storyboard; sourceTree = "<group>"; };
		60C52F6423D48FDC00EC55F0 /* Assets.xcassets */ = {isa = PBXFileReference; lastKnownFileType = folder.assetcatalog; path = Assets.xcassets; sourceTree = "<group>"; };
		60C52F6723D48FDC00EC55F0 /* Base */ = {isa = PBXFileReference; lastKnownFileType = file.storyboard; name = Base; path = Base.lproj/LaunchScreen.storyboard; sourceTree = "<group>"; };
		60C52F6923D48FDC00EC55F0 /* Info.plist */ = {isa = PBXFileReference; lastKnownFileType = text.plist.xml; path = Info.plist; sourceTree = "<group>"; };
		60C52F6E23D48FDC00EC55F0 /* UIKitSampleTests.xctest */ = {isa = PBXFileReference; explicitFileType = wrapper.cfbundle; includeInIndex = 0; path = UIKitSampleTests.xctest; sourceTree = BUILT_PRODUCTS_DIR; };
		60C52F7223D48FDC00EC55F0 /* UIKitSampleTests.swift */ = {isa = PBXFileReference; lastKnownFileType = sourcecode.swift; path = UIKitSampleTests.swift; sourceTree = "<group>"; };
		60C52F7423D48FDC00EC55F0 /* Info.plist */ = {isa = PBXFileReference; lastKnownFileType = text.plist.xml; path = Info.plist; sourceTree = "<group>"; };
		60C52F7923D48FDC00EC55F0 /* UIKitSampleUITests.xctest */ = {isa = PBXFileReference; explicitFileType = wrapper.cfbundle; includeInIndex = 0; path = UIKitSampleUITests.xctest; sourceTree = BUILT_PRODUCTS_DIR; };
		60C52F7D23D48FDC00EC55F0 /* UIKitSampleUITests.swift */ = {isa = PBXFileReference; lastKnownFileType = sourcecode.swift; path = UIKitSampleUITests.swift; sourceTree = "<group>"; };
		60C52F7F23D48FDC00EC55F0 /* Info.plist */ = {isa = PBXFileReference; lastKnownFileType = text.plist.xml; path = Info.plist; sourceTree = "<group>"; };
		8D04D39B23D9CCE80069ADC8 /* UIKitSample.entitlements */ = {isa = PBXFileReference; lastKnownFileType = text.plist.entitlements; path = UIKitSample.entitlements; sourceTree = "<group>"; };
		B972B1B312BDEB15B89B6BA8 /* Pods-UIKitSample.release.xcconfig */ = {isa = PBXFileReference; includeInIndex = 1; lastKnownFileType = text.xcconfig; name = "Pods-UIKitSample.release.xcconfig"; path = "Target Support Files/Pods-UIKitSample/Pods-UIKitSample.release.xcconfig"; sourceTree = "<group>"; };
		E26FD99AFB24DF9DDCD9A09E /* Pods-UIKitSample.debug.xcconfig */ = {isa = PBXFileReference; includeInIndex = 1; lastKnownFileType = text.xcconfig; name = "Pods-UIKitSample.debug.xcconfig"; path = "Target Support Files/Pods-UIKitSample/Pods-UIKitSample.debug.xcconfig"; sourceTree = "<group>"; };
		E37D0B200C6F9F92AB4DF350 /* Pods_UIKitSample.framework */ = {isa = PBXFileReference; explicitFileType = wrapper.framework; includeInIndex = 0; path = Pods_UIKitSample.framework; sourceTree = BUILT_PRODUCTS_DIR; };
/* End PBXFileReference section */

/* Begin PBXFrameworksBuildPhase section */
		60C52F5023D48FDB00EC55F0 /* Frameworks */ = {
			isa = PBXFrameworksBuildPhase;
			buildActionMask = 2147483647;
			files = (
				CE999B09A6939E5EE82921D0 /* Pods_UIKitSample.framework in Frameworks */,
			);
			runOnlyForDeploymentPostprocessing = 0;
		};
		60C52F6B23D48FDC00EC55F0 /* Frameworks */ = {
			isa = PBXFrameworksBuildPhase;
			buildActionMask = 2147483647;
			files = (
			);
			runOnlyForDeploymentPostprocessing = 0;
		};
		60C52F7623D48FDC00EC55F0 /* Frameworks */ = {
			isa = PBXFrameworksBuildPhase;
			buildActionMask = 2147483647;
			files = (
			);
			runOnlyForDeploymentPostprocessing = 0;
		};
/* End PBXFrameworksBuildPhase section */

/* Begin PBXGroup section */
		05ED16F4A69A4552780A8CCA /* Pods */ = {
			isa = PBXGroup;
			children = (
				E26FD99AFB24DF9DDCD9A09E /* Pods-UIKitSample.debug.xcconfig */,
				B972B1B312BDEB15B89B6BA8 /* Pods-UIKitSample.release.xcconfig */,
			);
			path = Pods;
			sourceTree = "<group>";
		};
		60C52F4A23D48FDB00EC55F0 = {
			isa = PBXGroup;
			children = (
				60C52F5523D48FDB00EC55F0 /* UIKitSample */,
				60C52F7123D48FDC00EC55F0 /* UIKitSampleTests */,
				60C52F7C23D48FDC00EC55F0 /* UIKitSampleUITests */,
				60C52F5423D48FDB00EC55F0 /* Products */,
				05ED16F4A69A4552780A8CCA /* Pods */,
				C7B575DA30361CB76E3BAC6A /* Frameworks */,
			);
			sourceTree = "<group>";
		};
		60C52F5423D48FDB00EC55F0 /* Products */ = {
			isa = PBXGroup;
			children = (
				60C52F5323D48FDB00EC55F0 /* UIKitSample.app */,
				60C52F6E23D48FDC00EC55F0 /* UIKitSampleTests.xctest */,
				60C52F7923D48FDC00EC55F0 /* UIKitSampleUITests.xctest */,
			);
			name = Products;
			sourceTree = "<group>";
		};
		60C52F5523D48FDB00EC55F0 /* UIKitSample */ = {
			isa = PBXGroup;
			children = (
				8D04D39B23D9CCE80069ADC8 /* UIKitSample.entitlements */,
				60C52F5623D48FDB00EC55F0 /* AppDelegate.swift */,
				60C52F5B23D48FDB00EC55F0 /* SceneDelegate.swift */,
				60C52F5D23D48FDB00EC55F0 /* MasterViewController.swift */,
				60C52F5F23D48FDB00EC55F0 /* DetailViewController.swift */,
				60C52F6123D48FDB00EC55F0 /* Main.storyboard */,
				60C52F6423D48FDC00EC55F0 /* Assets.xcassets */,
				60C52F6623D48FDC00EC55F0 /* LaunchScreen.storyboard */,
				60C52F6923D48FDC00EC55F0 /* Info.plist */,
				60C52F5823D48FDB00EC55F0 /* UIKitSample.xcdatamodeld */,
			);
			path = UIKitSample;
			sourceTree = "<group>";
		};
		60C52F7123D48FDC00EC55F0 /* UIKitSampleTests */ = {
			isa = PBXGroup;
			children = (
				60C52F7223D48FDC00EC55F0 /* UIKitSampleTests.swift */,
				60C52F7423D48FDC00EC55F0 /* Info.plist */,
			);
			path = UIKitSampleTests;
			sourceTree = "<group>";
		};
		60C52F7C23D48FDC00EC55F0 /* UIKitSampleUITests */ = {
			isa = PBXGroup;
			children = (
				60C52F7D23D48FDC00EC55F0 /* UIKitSampleUITests.swift */,
				60C52F7F23D48FDC00EC55F0 /* Info.plist */,
			);
			path = UIKitSampleUITests;
			sourceTree = "<group>";
		};
		C7B575DA30361CB76E3BAC6A /* Frameworks */ = {
			isa = PBXGroup;
			children = (
				E37D0B200C6F9F92AB4DF350 /* Pods_UIKitSample.framework */,
			);
			name = Frameworks;
			sourceTree = "<group>";
		};
/* End PBXGroup section */

/* Begin PBXNativeTarget section */
		60C52F5223D48FDB00EC55F0 /* UIKitSample */ = {
			isa = PBXNativeTarget;
			buildConfigurationList = 60C52F8223D48FDC00EC55F0 /* Build configuration list for PBXNativeTarget "UIKitSample" */;
			buildPhases = (
				5E1BAA54A6DCE559A5736D7D /* [CP] Check Pods Manifest.lock */,
				60C52F4F23D48FDB00EC55F0 /* Sources */,
				60C52F5023D48FDB00EC55F0 /* Frameworks */,
				60C52F5123D48FDB00EC55F0 /* Resources */,
				2D32EC6EE235C3F77A65735A /* [CP] Embed Pods Frameworks */,
			);
			buildRules = (
			);
			dependencies = (
			);
			name = UIKitSample;
			productName = UIKitSample;
			productReference = 60C52F5323D48FDB00EC55F0 /* UIKitSample.app */;
			productType = "com.apple.product-type.application";
		};
		60C52F6D23D48FDC00EC55F0 /* UIKitSampleTests */ = {
			isa = PBXNativeTarget;
			buildConfigurationList = 60C52F8523D48FDC00EC55F0 /* Build configuration list for PBXNativeTarget "UIKitSampleTests" */;
			buildPhases = (
				60C52F6A23D48FDC00EC55F0 /* Sources */,
				60C52F6B23D48FDC00EC55F0 /* Frameworks */,
				60C52F6C23D48FDC00EC55F0 /* Resources */,
			);
			buildRules = (
			);
			dependencies = (
				60C52F7023D48FDC00EC55F0 /* PBXTargetDependency */,
			);
			name = UIKitSampleTests;
			productName = UIKitSampleTests;
			productReference = 60C52F6E23D48FDC00EC55F0 /* UIKitSampleTests.xctest */;
			productType = "com.apple.product-type.bundle.unit-test";
		};
		60C52F7823D48FDC00EC55F0 /* UIKitSampleUITests */ = {
			isa = PBXNativeTarget;
			buildConfigurationList = 60C52F8823D48FDC00EC55F0 /* Build configuration list for PBXNativeTarget "UIKitSampleUITests" */;
			buildPhases = (
				60C52F7523D48FDC00EC55F0 /* Sources */,
				60C52F7623D48FDC00EC55F0 /* Frameworks */,
				60C52F7723D48FDC00EC55F0 /* Resources */,
			);
			buildRules = (
			);
			dependencies = (
				60C52F7B23D48FDC00EC55F0 /* PBXTargetDependency */,
			);
			name = UIKitSampleUITests;
			productName = UIKitSampleUITests;
			productReference = 60C52F7923D48FDC00EC55F0 /* UIKitSampleUITests.xctest */;
			productType = "com.apple.product-type.bundle.ui-testing";
		};
/* End PBXNativeTarget section */

/* Begin PBXProject section */
		60C52F4B23D48FDB00EC55F0 /* Project object */ = {
			isa = PBXProject;
			attributes = {
				LastSwiftUpdateCheck = 1130;
				LastUpgradeCheck = 1130;
				ORGANIZATIONNAME = utrpanic;
				TargetAttributes = {
					60C52F5223D48FDB00EC55F0 = {
						CreatedOnToolsVersion = 11.3.1;
					};
					60C52F6D23D48FDC00EC55F0 = {
						CreatedOnToolsVersion = 11.3.1;
						TestTargetID = 60C52F5223D48FDB00EC55F0;
					};
					60C52F7823D48FDC00EC55F0 = {
						CreatedOnToolsVersion = 11.3.1;
						TestTargetID = 60C52F5223D48FDB00EC55F0;
					};
				};
			};
			buildConfigurationList = 60C52F4E23D48FDB00EC55F0 /* Build configuration list for PBXProject "UIKitSample" */;
			compatibilityVersion = "Xcode 9.3";
			developmentRegion = en;
			hasScannedForEncodings = 0;
			knownRegions = (
				en,
				Base,
			);
			mainGroup = 60C52F4A23D48FDB00EC55F0;
			productRefGroup = 60C52F5423D48FDB00EC55F0 /* Products */;
			projectDirPath = "";
			projectRoot = "";
			targets = (
				60C52F5223D48FDB00EC55F0 /* UIKitSample */,
				60C52F6D23D48FDC00EC55F0 /* UIKitSampleTests */,
				60C52F7823D48FDC00EC55F0 /* UIKitSampleUITests */,
			);
		};
/* End PBXProject section */

/* Begin PBXResourcesBuildPhase section */
		60C52F5123D48FDB00EC55F0 /* Resources */ = {
			isa = PBXResourcesBuildPhase;
			buildActionMask = 2147483647;
			files = (
				60C52F6823D48FDC00EC55F0 /* LaunchScreen.storyboard in Resources */,
				60C52F6523D48FDC00EC55F0 /* Assets.xcassets in Resources */,
				60C52F6323D48FDB00EC55F0 /* Main.storyboard in Resources */,
			);
			runOnlyForDeploymentPostprocessing = 0;
		};
		60C52F6C23D48FDC00EC55F0 /* Resources */ = {
			isa = PBXResourcesBuildPhase;
			buildActionMask = 2147483647;
			files = (
			);
			runOnlyForDeploymentPostprocessing = 0;
		};
		60C52F7723D48FDC00EC55F0 /* Resources */ = {
			isa = PBXResourcesBuildPhase;
			buildActionMask = 2147483647;
			files = (
			);
			runOnlyForDeploymentPostprocessing = 0;
		};
/* End PBXResourcesBuildPhase section */

/* Begin PBXShellScriptBuildPhase section */
		2D32EC6EE235C3F77A65735A /* [CP] Embed Pods Frameworks */ = {
			isa = PBXShellScriptBuildPhase;
			buildActionMask = 2147483647;
			files = (
			);
			inputFileListPaths = (
				"${PODS_ROOT}/Target Support Files/Pods-UIKitSample/Pods-UIKitSample-frameworks-${CONFIGURATION}-input-files.xcfilelist",
			);
			name = "[CP] Embed Pods Frameworks";
			outputFileListPaths = (
				"${PODS_ROOT}/Target Support Files/Pods-UIKitSample/Pods-UIKitSample-frameworks-${CONFIGURATION}-output-files.xcfilelist",
			);
			runOnlyForDeploymentPostprocessing = 0;
			shellPath = /bin/sh;
			shellScript = "\"${PODS_ROOT}/Target Support Files/Pods-UIKitSample/Pods-UIKitSample-frameworks.sh\"\n";
			showEnvVarsInLog = 0;
		};
		5E1BAA54A6DCE559A5736D7D /* [CP] Check Pods Manifest.lock */ = {
			isa = PBXShellScriptBuildPhase;
			buildActionMask = 2147483647;
			files = (
			);
			inputFileListPaths = (
			);
			inputPaths = (
				"${PODS_PODFILE_DIR_PATH}/Podfile.lock",
				"${PODS_ROOT}/Manifest.lock",
			);
			name = "[CP] Check Pods Manifest.lock";
			outputFileListPaths = (
			);
			outputPaths = (
				"$(DERIVED_FILE_DIR)/Pods-UIKitSample-checkManifestLockResult.txt",
			);
			runOnlyForDeploymentPostprocessing = 0;
			shellPath = /bin/sh;
			shellScript = "diff \"${PODS_PODFILE_DIR_PATH}/Podfile.lock\" \"${PODS_ROOT}/Manifest.lock\" > /dev/null\nif [ $? != 0 ] ; then\n    # print error to STDERR\n    echo \"error: The sandbox is not in sync with the Podfile.lock. Run 'pod install' or update your CocoaPods installation.\" >&2\n    exit 1\nfi\n# This output is used by Xcode 'outputs' to avoid re-running this script phase.\necho \"SUCCESS\" > \"${SCRIPT_OUTPUT_FILE_0}\"\n";
			showEnvVarsInLog = 0;
		};
/* End PBXShellScriptBuildPhase section */

/* Begin PBXSourcesBuildPhase section */
		60C52F4F23D48FDB00EC55F0 /* Sources */ = {
			isa = PBXSourcesBuildPhase;
			buildActionMask = 2147483647;
			files = (
				60C52F5E23D48FDB00EC55F0 /* MasterViewController.swift in Sources */,
				60C52F5A23D48FDB00EC55F0 /* UIKitSample.xcdatamodeld in Sources */,
				60C52F6023D48FDB00EC55F0 /* DetailViewController.swift in Sources */,
				60C52F5723D48FDB00EC55F0 /* AppDelegate.swift in Sources */,
				60C52F5C23D48FDB00EC55F0 /* SceneDelegate.swift in Sources */,
			);
			runOnlyForDeploymentPostprocessing = 0;
		};
		60C52F6A23D48FDC00EC55F0 /* Sources */ = {
			isa = PBXSourcesBuildPhase;
			buildActionMask = 2147483647;
			files = (
				60C52F7323D48FDC00EC55F0 /* UIKitSampleTests.swift in Sources */,
			);
			runOnlyForDeploymentPostprocessing = 0;
		};
		60C52F7523D48FDC00EC55F0 /* Sources */ = {
			isa = PBXSourcesBuildPhase;
			buildActionMask = 2147483647;
			files = (
				60C52F7E23D48FDC00EC55F0 /* UIKitSampleUITests.swift in Sources */,
			);
			runOnlyForDeploymentPostprocessing = 0;
		};
/* End PBXSourcesBuildPhase section */

/* Begin PBXTargetDependency section */
		60C52F7023D48FDC00EC55F0 /* PBXTargetDependency */ = {
			isa = PBXTargetDependency;
			target = 60C52F5223D48FDB00EC55F0 /* UIKitSample */;
			targetProxy = 60C52F6F23D48FDC00EC55F0 /* PBXContainerItemProxy */;
		};
		60C52F7B23D48FDC00EC55F0 /* PBXTargetDependency */ = {
			isa = PBXTargetDependency;
			target = 60C52F5223D48FDB00EC55F0 /* UIKitSample */;
			targetProxy = 60C52F7A23D48FDC00EC55F0 /* PBXContainerItemProxy */;
		};
/* End PBXTargetDependency section */

/* Begin PBXVariantGroup section */
		60C52F6123D48FDB00EC55F0 /* Main.storyboard */ = {
			isa = PBXVariantGroup;
			children = (
				60C52F6223D48FDB00EC55F0 /* Base */,
			);
			name = Main.storyboard;
			sourceTree = "<group>";
		};
		60C52F6623D48FDC00EC55F0 /* LaunchScreen.storyboard */ = {
			isa = PBXVariantGroup;
			children = (
				60C52F6723D48FDC00EC55F0 /* Base */,
			);
			name = LaunchScreen.storyboard;
			sourceTree = "<group>";
		};
/* End PBXVariantGroup section */

/* Begin XCBuildConfiguration section */
		60C52F8023D48FDC00EC55F0 /* Debug */ = {
			isa = XCBuildConfiguration;
			buildSettings = {
				ALWAYS_SEARCH_USER_PATHS = NO;
				CLANG_ANALYZER_NONNULL = YES;
				CLANG_ANALYZER_NUMBER_OBJECT_CONVERSION = YES_AGGRESSIVE;
				CLANG_CXX_LANGUAGE_STANDARD = "gnu++14";
				CLANG_CXX_LIBRARY = "libc++";
				CLANG_ENABLE_MODULES = YES;
				CLANG_ENABLE_OBJC_ARC = YES;
				CLANG_ENABLE_OBJC_WEAK = YES;
				CLANG_WARN_BLOCK_CAPTURE_AUTORELEASING = YES;
				CLANG_WARN_BOOL_CONVERSION = YES;
				CLANG_WARN_COMMA = YES;
				CLANG_WARN_CONSTANT_CONVERSION = YES;
				CLANG_WARN_DEPRECATED_OBJC_IMPLEMENTATIONS = YES;
				CLANG_WARN_DIRECT_OBJC_ISA_USAGE = YES_ERROR;
				CLANG_WARN_DOCUMENTATION_COMMENTS = YES;
				CLANG_WARN_EMPTY_BODY = YES;
				CLANG_WARN_ENUM_CONVERSION = YES;
				CLANG_WARN_INFINITE_RECURSION = YES;
				CLANG_WARN_INT_CONVERSION = YES;
				CLANG_WARN_NON_LITERAL_NULL_CONVERSION = YES;
				CLANG_WARN_OBJC_IMPLICIT_RETAIN_SELF = YES;
				CLANG_WARN_OBJC_LITERAL_CONVERSION = YES;
				CLANG_WARN_OBJC_ROOT_CLASS = YES_ERROR;
				CLANG_WARN_RANGE_LOOP_ANALYSIS = YES;
				CLANG_WARN_STRICT_PROTOTYPES = YES;
				CLANG_WARN_SUSPICIOUS_MOVE = YES;
				CLANG_WARN_UNGUARDED_AVAILABILITY = YES_AGGRESSIVE;
				CLANG_WARN_UNREACHABLE_CODE = YES;
				CLANG_WARN__DUPLICATE_METHOD_MATCH = YES;
				COPY_PHASE_STRIP = NO;
				DEBUG_INFORMATION_FORMAT = dwarf;
				ENABLE_STRICT_OBJC_MSGSEND = YES;
				ENABLE_TESTABILITY = YES;
				GCC_C_LANGUAGE_STANDARD = gnu11;
				GCC_DYNAMIC_NO_PIC = NO;
				GCC_NO_COMMON_BLOCKS = YES;
				GCC_OPTIMIZATION_LEVEL = 0;
				GCC_PREPROCESSOR_DEFINITIONS = (
					"DEBUG=1",
					"$(inherited)",
				);
				GCC_WARN_64_TO_32_BIT_CONVERSION = YES;
				GCC_WARN_ABOUT_RETURN_TYPE = YES_ERROR;
				GCC_WARN_UNDECLARED_SELECTOR = YES;
				GCC_WARN_UNINITIALIZED_AUTOS = YES_AGGRESSIVE;
				GCC_WARN_UNUSED_FUNCTION = YES;
				GCC_WARN_UNUSED_VARIABLE = YES;
				IPHONEOS_DEPLOYMENT_TARGET = 13.0;
				MTL_ENABLE_DEBUG_INFO = INCLUDE_SOURCE;
				MTL_FAST_MATH = YES;
				ONLY_ACTIVE_ARCH = YES;
				SDKROOT = iphoneos;
				SWIFT_ACTIVE_COMPILATION_CONDITIONS = DEBUG;
				SWIFT_OPTIMIZATION_LEVEL = "-Onone";
			};
			name = Debug;
		};
		60C52F8123D48FDC00EC55F0 /* Release */ = {
			isa = XCBuildConfiguration;
			buildSettings = {
				ALWAYS_SEARCH_USER_PATHS = NO;
				CLANG_ANALYZER_NONNULL = YES;
				CLANG_ANALYZER_NUMBER_OBJECT_CONVERSION = YES_AGGRESSIVE;
				CLANG_CXX_LANGUAGE_STANDARD = "gnu++14";
				CLANG_CXX_LIBRARY = "libc++";
				CLANG_ENABLE_MODULES = YES;
				CLANG_ENABLE_OBJC_ARC = YES;
				CLANG_ENABLE_OBJC_WEAK = YES;
				CLANG_WARN_BLOCK_CAPTURE_AUTORELEASING = YES;
				CLANG_WARN_BOOL_CONVERSION = YES;
				CLANG_WARN_COMMA = YES;
				CLANG_WARN_CONSTANT_CONVERSION = YES;
				CLANG_WARN_DEPRECATED_OBJC_IMPLEMENTATIONS = YES;
				CLANG_WARN_DIRECT_OBJC_ISA_USAGE = YES_ERROR;
				CLANG_WARN_DOCUMENTATION_COMMENTS = YES;
				CLANG_WARN_EMPTY_BODY = YES;
				CLANG_WARN_ENUM_CONVERSION = YES;
				CLANG_WARN_INFINITE_RECURSION = YES;
				CLANG_WARN_INT_CONVERSION = YES;
				CLANG_WARN_NON_LITERAL_NULL_CONVERSION = YES;
				CLANG_WARN_OBJC_IMPLICIT_RETAIN_SELF = YES;
				CLANG_WARN_OBJC_LITERAL_CONVERSION = YES;
				CLANG_WARN_OBJC_ROOT_CLASS = YES_ERROR;
				CLANG_WARN_RANGE_LOOP_ANALYSIS = YES;
				CLANG_WARN_STRICT_PROTOTYPES = YES;
				CLANG_WARN_SUSPICIOUS_MOVE = YES;
				CLANG_WARN_UNGUARDED_AVAILABILITY = YES_AGGRESSIVE;
				CLANG_WARN_UNREACHABLE_CODE = YES;
				CLANG_WARN__DUPLICATE_METHOD_MATCH = YES;
				COPY_PHASE_STRIP = NO;
				DEBUG_INFORMATION_FORMAT = "dwarf-with-dsym";
				ENABLE_NS_ASSERTIONS = NO;
				ENABLE_STRICT_OBJC_MSGSEND = YES;
				GCC_C_LANGUAGE_STANDARD = gnu11;
				GCC_NO_COMMON_BLOCKS = YES;
				GCC_WARN_64_TO_32_BIT_CONVERSION = YES;
				GCC_WARN_ABOUT_RETURN_TYPE = YES_ERROR;
				GCC_WARN_UNDECLARED_SELECTOR = YES;
				GCC_WARN_UNINITIALIZED_AUTOS = YES_AGGRESSIVE;
				GCC_WARN_UNUSED_FUNCTION = YES;
				GCC_WARN_UNUSED_VARIABLE = YES;
				IPHONEOS_DEPLOYMENT_TARGET = 13.0;
				MTL_ENABLE_DEBUG_INFO = NO;
				MTL_FAST_MATH = YES;
				SDKROOT = iphoneos;
				SWIFT_COMPILATION_MODE = wholemodule;
				SWIFT_OPTIMIZATION_LEVEL = "-O";
				VALIDATE_PRODUCT = YES;
			};
			name = Release;
		};
		60C52F8323D48FDC00EC55F0 /* Debug */ = {
			isa = XCBuildConfiguration;
			baseConfigurationReference = E26FD99AFB24DF9DDCD9A09E /* Pods-UIKitSample.debug.xcconfig */;
			buildSettings = {
				ASSETCATALOG_COMPILER_APPICON_NAME = AppIcon;
				CODE_SIGN_ENTITLEMENTS = UIKitSample/UIKitSample.entitlements;
				CODE_SIGN_STYLE = Automatic;
				DERIVE_MACCATALYST_PRODUCT_BUNDLE_IDENTIFIER = YES;
				INFOPLIST_FILE = UIKitSample/Info.plist;
				IPHONEOS_DEPLOYMENT_TARGET = 13.0;
				LD_RUNPATH_SEARCH_PATHS = (
					"$(inherited)",
					"@executable_path/Frameworks",
				);
				PRODUCT_BUNDLE_IDENTIFIER = dev.utrpanic.UIKitSample;
				PRODUCT_NAME = "$(TARGET_NAME)";
				SUPPORTS_MACCATALYST = YES;
				SWIFT_VERSION = 5.0;
				TARGETED_DEVICE_FAMILY = "1,2";
			};
			name = Debug;
		};
		60C52F8423D48FDC00EC55F0 /* Release */ = {
			isa = XCBuildConfiguration;
			baseConfigurationReference = B972B1B312BDEB15B89B6BA8 /* Pods-UIKitSample.release.xcconfig */;
			buildSettings = {
				ASSETCATALOG_COMPILER_APPICON_NAME = AppIcon;
				CODE_SIGN_ENTITLEMENTS = UIKitSample/UIKitSample.entitlements;
				CODE_SIGN_STYLE = Automatic;
				DERIVE_MACCATALYST_PRODUCT_BUNDLE_IDENTIFIER = YES;
				INFOPLIST_FILE = UIKitSample/Info.plist;
				IPHONEOS_DEPLOYMENT_TARGET = 13.0;
				LD_RUNPATH_SEARCH_PATHS = (
					"$(inherited)",
					"@executable_path/Frameworks",
				);
				PRODUCT_BUNDLE_IDENTIFIER = dev.utrpanic.UIKitSample;
				PRODUCT_NAME = "$(TARGET_NAME)";
				SUPPORTS_MACCATALYST = YES;
				SWIFT_VERSION = 5.0;
				TARGETED_DEVICE_FAMILY = "1,2";
			};
			name = Release;
		};
		60C52F8623D48FDC00EC55F0 /* Debug */ = {
			isa = XCBuildConfiguration;
			buildSettings = {
				ALWAYS_EMBED_SWIFT_STANDARD_LIBRARIES = YES;
				BUNDLE_LOADER = "$(TEST_HOST)";
				CODE_SIGN_STYLE = Automatic;
				INFOPLIST_FILE = UIKitSampleTests/Info.plist;
				IPHONEOS_DEPLOYMENT_TARGET = 13.2;
				LD_RUNPATH_SEARCH_PATHS = (
					"$(inherited)",
					"@executable_path/Frameworks",
					"@loader_path/Frameworks",
				);
				PRODUCT_BUNDLE_IDENTIFIER = dev.utrpanic.UIKitSampleTests;
				PRODUCT_NAME = "$(TARGET_NAME)";
				SWIFT_VERSION = 5.0;
				TARGETED_DEVICE_FAMILY = "1,2";
				TEST_HOST = "$(BUILT_PRODUCTS_DIR)/UIKitSample.app/UIKitSample";
			};
			name = Debug;
		};
		60C52F8723D48FDC00EC55F0 /* Release */ = {
			isa = XCBuildConfiguration;
			buildSettings = {
				ALWAYS_EMBED_SWIFT_STANDARD_LIBRARIES = YES;
				BUNDLE_LOADER = "$(TEST_HOST)";
				CODE_SIGN_STYLE = Automatic;
				INFOPLIST_FILE = UIKitSampleTests/Info.plist;
				IPHONEOS_DEPLOYMENT_TARGET = 13.2;
				LD_RUNPATH_SEARCH_PATHS = (
					"$(inherited)",
					"@executable_path/Frameworks",
					"@loader_path/Frameworks",
				);
				PRODUCT_BUNDLE_IDENTIFIER = dev.utrpanic.UIKitSampleTests;
				PRODUCT_NAME = "$(TARGET_NAME)";
				SWIFT_VERSION = 5.0;
				TARGETED_DEVICE_FAMILY = "1,2";
				TEST_HOST = "$(BUILT_PRODUCTS_DIR)/UIKitSample.app/UIKitSample";
			};
			name = Release;
		};
		60C52F8923D48FDC00EC55F0 /* Debug */ = {
			isa = XCBuildConfiguration;
			buildSettings = {
				ALWAYS_EMBED_SWIFT_STANDARD_LIBRARIES = YES;
				CODE_SIGN_STYLE = Automatic;
				INFOPLIST_FILE = UIKitSampleUITests/Info.plist;
				LD_RUNPATH_SEARCH_PATHS = (
					"$(inherited)",
					"@executable_path/Frameworks",
					"@loader_path/Frameworks",
				);
				PRODUCT_BUNDLE_IDENTIFIER = dev.utrpanic.UIKitSampleUITests;
				PRODUCT_NAME = "$(TARGET_NAME)";
				SWIFT_VERSION = 5.0;
				TARGETED_DEVICE_FAMILY = "1,2";
				TEST_TARGET_NAME = UIKitSample;
			};
			name = Debug;
		};
		60C52F8A23D48FDC00EC55F0 /* Release */ = {
			isa = XCBuildConfiguration;
			buildSettings = {
				ALWAYS_EMBED_SWIFT_STANDARD_LIBRARIES = YES;
				CODE_SIGN_STYLE = Automatic;
				INFOPLIST_FILE = UIKitSampleUITests/Info.plist;
				LD_RUNPATH_SEARCH_PATHS = (
					"$(inherited)",
					"@executable_path/Frameworks",
					"@loader_path/Frameworks",
				);
				PRODUCT_BUNDLE_IDENTIFIER = dev.utrpanic.UIKitSampleUITests;
				PRODUCT_NAME = "$(TARGET_NAME)";
				SWIFT_VERSION = 5.0;
				TARGETED_DEVICE_FAMILY = "1,2";
				TEST_TARGET_NAME = UIKitSample;
			};
			name = Release;
		};
/* End XCBuildConfiguration section */

/* Begin XCConfigurationList section */
		60C52F4E23D48FDB00EC55F0 /* Build configuration list for PBXProject "UIKitSample" */ = {
			isa = XCConfigurationList;
			buildConfigurations = (
				60C52F8023D48FDC00EC55F0 /* Debug */,
				60C52F8123D48FDC00EC55F0 /* Release */,
			);
			defaultConfigurationIsVisible = 0;
			defaultConfigurationName = Release;
		};
		60C52F8223D48FDC00EC55F0 /* Build configuration list for PBXNativeTarget "UIKitSample" */ = {
			isa = XCConfigurationList;
			buildConfigurations = (
				60C52F8323D48FDC00EC55F0 /* Debug */,
				60C52F8423D48FDC00EC55F0 /* Release */,
			);
			defaultConfigurationIsVisible = 0;
			defaultConfigurationName = Release;
		};
		60C52F8523D48FDC00EC55F0 /* Build configuration list for PBXNativeTarget "UIKitSampleTests" */ = {
			isa = XCConfigurationList;
			buildConfigurations = (
				60C52F8623D48FDC00EC55F0 /* Debug */,
				60C52F8723D48FDC00EC55F0 /* Release */,
			);
			defaultConfigurationIsVisible = 0;
			defaultConfigurationName = Release;
		};
		60C52F8823D48FDC00EC55F0 /* Build configuration list for PBXNativeTarget "UIKitSampleUITests" */ = {
			isa = XCConfigurationList;
			buildConfigurations = (
				60C52F8923D48FDC00EC55F0 /* Debug */,
				60C52F8A23D48FDC00EC55F0 /* Release */,
			);
			defaultConfigurationIsVisible = 0;
			defaultConfigurationName = Release;
		};
/* End XCConfigurationList section */

/* Begin XCVersionGroup section */
		60C52F5823D48FDB00EC55F0 /* UIKitSample.xcdatamodeld */ = {
			isa = XCVersionGroup;
			children = (
				60C52F5923D48FDB00EC55F0 /* UIKitSample.xcdatamodel */,
			);
			currentVersion = 60C52F5923D48FDB00EC55F0 /* UIKitSample.xcdatamodel */;
			path = UIKitSample.xcdatamodeld;
			sourceTree = "<group>";
			versionGroupType = wrapper.xcdatamodel;
		};
/* End XCVersionGroup section */
	};
	rootObject = 60C52F4B23D48FDB00EC55F0 /* Project object */;
}
